{
  "name": "hypermerge",
  "version": "0.0.1",
  "lockfileVersion": 1,
  "requires": true,
  "dependencies": {
    "acorn": {
      "version": "5.3.0",
      "resolved": "https://registry.npmjs.org/acorn/-/acorn-5.3.0.tgz",
      "integrity": "sha512-Yej+zOJ1Dm/IMZzzj78OntP/r3zHEaKcyNoU2lAaxPtrseM6rF0xwqoz5Q5ysAiED9hTjI2hgtvLXitlCN1/Ug=="
    },
    "amdefine": {
      "version": "1.0.1",
      "resolved": "https://registry.npmjs.org/amdefine/-/amdefine-1.0.1.tgz",
      "integrity": "sha1-SlKCrBZHKek2Gbz9OtFR+BfOkfU=",
      "optional": true
    },
    "array-lru": {
      "version": "1.1.1",
      "resolved": "https://registry.npmjs.org/array-lru/-/array-lru-1.1.1.tgz",
      "integrity": "sha1-DH4bTgIq4Wb/HoRIxZXzGB/NMzc="
    },
    "atomic-batcher": {
      "version": "1.0.2",
      "resolved": "https://registry.npmjs.org/atomic-batcher/-/atomic-batcher-1.0.2.tgz",
      "integrity": "sha1-0WkB0QzOxZUWwZe5zNiTBom4E7Q="
    },
    "automerge": {
      "version": "github:inkandswitch/automerge#173436a663f83e2467966550f13f741fc6c0537d",
      "requires": {
        "immutable": "3.8.2",
        "transit-immutable-js": "0.7.0",
        "transit-js": "0.8.846",
        "uuid": "3.2.1"
      }
    },
    "balanced-match": {
      "version": "1.0.0",
      "resolved": "https://registry.npmjs.org/balanced-match/-/balanced-match-1.0.0.tgz",
      "integrity": "sha1-ibTRmasr7kneFk6gK4nORi1xt2c=",
      "dev": true
    },
    "base64-to-uint8array": {
      "version": "1.0.0",
      "resolved": "https://registry.npmjs.org/base64-to-uint8array/-/base64-to-uint8array-1.0.0.tgz",
      "integrity": "sha512-drjWQcees55+XQSVHYxiUF05Fj6ko3XJUoxykZEXbm0BMmNz2ieWiZGJ+6TFWnjN2saucG6pI13LS92O4kaiAg=="
    },
    "bencode": {
      "version": "1.0.0",
      "resolved": "https://registry.npmjs.org/bencode/-/bencode-1.0.0.tgz",
      "integrity": "sha512-N+VOSP5MkoX+xgnp6Y056iCY5TmCZg9rgPNPQe0bIiXchxYFP4vs/Tf0dTdQ+qQhP7HM2gvfFq+sUVjQsGy5Zw==",
      "requires": {
        "safe-buffer": "5.1.1"
      }
    },
    "bitfield-rle": {
      "version": "2.1.0",
      "resolved": "https://registry.npmjs.org/bitfield-rle/-/bitfield-rle-2.1.0.tgz",
      "integrity": "sha1-rinpOCp7pImN6fSLsj/TOMT73Pg=",
      "requires": {
        "varint": "4.0.1"
      }
    },
    "bittorrent-dht": {
      "version": "7.10.0",
      "resolved": "https://registry.npmjs.org/bittorrent-dht/-/bittorrent-dht-7.10.0.tgz",
      "integrity": "sha512-fvb6M58Ceiv/S94nu6zeaiMoJvUYOeIqRbgaClm+kJTzCAqJPtAR/31pXNYB5iEReOoKqQB5zY33gY0W6ZRWQQ==",
      "requires": {
        "bencode": "1.0.0",
        "buffer-equals": "1.0.4",
        "debug": "3.1.0",
        "inherits": "2.0.3",
        "k-bucket": "3.3.1",
        "k-rpc": "4.2.1",
        "lru": "3.1.0",
        "randombytes": "2.0.6",
        "safe-buffer": "5.1.1",
        "simple-sha1": "2.1.0"
      }
    },
    "blake2b": {
      "version": "2.1.2",
      "resolved": "https://registry.npmjs.org/blake2b/-/blake2b-2.1.2.tgz",
      "integrity": "sha1-aIDt3KNc/t6SxPsnJCITNPmJFFo=",
      "requires": {
        "blake2b-wasm": "1.1.4",
        "nanoassert": "1.1.0"
      }
    },
    "blake2b-wasm": {
      "version": "1.1.4",
      "resolved": "https://registry.npmjs.org/blake2b-wasm/-/blake2b-wasm-1.1.4.tgz",
      "integrity": "sha512-j7ZsvtE8wEXFnyt6TJwNUvBKBOHeNJMQSwIAriQkMcQU5/Ce03Y1kS4W7Sjx6WnhOZi8kVwcrVu9DgUcLHz24A==",
      "requires": {
        "base64-to-uint8array": "1.0.0",
        "brfs": "1.4.3",
        "nanoassert": "1.1.0"
      }
    },
    "brace-expansion": {
      "version": "1.1.8",
      "resolved": "https://registry.npmjs.org/brace-expansion/-/brace-expansion-1.1.8.tgz",
      "integrity": "sha1-wHshHHyVLsH479Uad+8NHTmQopI=",
      "dev": true,
      "requires": {
        "balanced-match": "1.0.0",
        "concat-map": "0.0.1"
      }
    },
    "brfs": {
      "version": "1.4.3",
      "resolved": "https://registry.npmjs.org/brfs/-/brfs-1.4.3.tgz",
      "integrity": "sha1-22ddb16SPm3wh/ylhZyQkKrtMhY=",
      "requires": {
        "quote-stream": "1.0.2",
        "resolve": "1.5.0",
        "static-module": "1.5.0",
        "through2": "2.0.3"
      }
    },
    "browser-stdout": {
      "version": "1.3.0",
      "resolved": "https://registry.npmjs.org/browser-stdout/-/browser-stdout-1.3.0.tgz",
      "integrity": "sha1-81HTKWnTL6XXpVZxVCY9korjvR8=",
      "dev": true
    },
    "buffer-alloc-unsafe": {
      "version": "1.0.0",
      "resolved": "https://registry.npmjs.org/buffer-alloc-unsafe/-/buffer-alloc-unsafe-1.0.0.tgz",
      "integrity": "sha1-R0qojzTnvHX6MR0uZFdAnFhGw/4="
    },
    "buffer-equal": {
      "version": "0.0.1",
      "resolved": "https://registry.npmjs.org/buffer-equal/-/buffer-equal-0.0.1.tgz",
      "integrity": "sha1-kbx0sR6kBbyRa8aqkI+q+ltKrEs="
    },
    "buffer-equals": {
      "version": "1.0.4",
      "resolved": "https://registry.npmjs.org/buffer-equals/-/buffer-equals-1.0.4.tgz",
      "integrity": "sha1-A1O1T9B/2VZBcGca5vZrnPENJ/U="
    },
    "buffer-indexof": {
      "version": "1.1.1",
      "resolved": "https://registry.npmjs.org/buffer-indexof/-/buffer-indexof-1.1.1.tgz",
      "integrity": "sha512-4/rOEg86jivtPTeOUUT61jJO1Ya1TrR/OkqCSZDyq84WJh3LuuiphBYJN+fm5xufIk4XAFcEwte/8WzC8If/1g=="
    },
    "bulk-write-stream": {
      "version": "1.1.3",
      "resolved": "https://registry.npmjs.org/bulk-write-stream/-/bulk-write-stream-1.1.3.tgz",
      "integrity": "sha1-0pyjhfvVPzV67lvT0wKHMrYq4nU=",
      "requires": {
        "inherits": "2.0.3",
        "readable-stream": "2.3.3"
      }
    },
    "ci-info": {
      "version": "1.1.2",
      "resolved": "https://registry.npmjs.org/ci-info/-/ci-info-1.1.2.tgz",
      "integrity": "sha512-uTGIPNx/nSpBdsF6xnseRXLLtfr9VLqkz8ZqHXr3Y7b6SftyRxBGjwMtJj1OhNbmlc1wZzLNAlAcvyIiE8a6ZA==",
      "dev": true
    },
    "codecs": {
      "version": "1.2.0",
      "resolved": "https://registry.npmjs.org/codecs/-/codecs-1.2.0.tgz",
      "integrity": "sha1-UUhUnj0VbF+gU9fLtBlxWgz0PRY="
    },
    "commander": {
      "version": "2.11.0",
      "resolved": "https://registry.npmjs.org/commander/-/commander-2.11.0.tgz",
      "integrity": "sha512-b0553uYA5YAEGgyYIGYROzKQ7X5RAqedkfjiZxwi0kL1g3bOaBNNZfYkzt/CL0umgD5wc9Jec2FbB98CjkMRvQ==",
      "dev": true
    },
    "concat-map": {
      "version": "0.0.1",
      "resolved": "https://registry.npmjs.org/concat-map/-/concat-map-0.0.1.tgz",
      "integrity": "sha1-2Klr13/Wjfd5OnMDajug1UBdR3s=",
      "dev": true
    },
    "concat-stream": {
      "version": "1.6.0",
      "resolved": "https://registry.npmjs.org/concat-stream/-/concat-stream-1.6.0.tgz",
      "integrity": "sha1-CqxmL9Ur54lk1VMvaUeE5wEQrPc=",
      "requires": {
        "inherits": "2.0.3",
        "readable-stream": "2.3.3",
        "typedarray": "0.0.6"
      }
    },
    "connections": {
      "version": "1.4.2",
      "resolved": "https://registry.npmjs.org/connections/-/connections-1.4.2.tgz",
      "integrity": "sha1-eJBIK/XHGvbFyhkr4xNq7XRCiq0="
    },
    "core-util-is": {
      "version": "1.0.2",
      "resolved": "https://registry.npmjs.org/core-util-is/-/core-util-is-1.0.2.tgz",
      "integrity": "sha1-tf1UIgqivFq1eqtxQMlAdUUDwac="
    },
    "datland-swarm-defaults": {
      "version": "1.0.2",
      "resolved": "https://registry.npmjs.org/datland-swarm-defaults/-/datland-swarm-defaults-1.0.2.tgz",
      "integrity": "sha1-J3uJWjnxqn+WpJWgL7NmKl7Z8uA=",
      "requires": {
        "xtend": "4.0.1"
      }
    },
    "debug": {
      "version": "3.1.0",
      "resolved": "https://registry.npmjs.org/debug/-/debug-3.1.0.tgz",
      "integrity": "sha512-OX8XqP7/1a9cqkxYw2yXss15f26NKWBpDXQd0/uK/KPqdQhxbPa994hnzjcE2VqQpDslf55723cKPUOGSmMY3g==",
      "requires": {
        "ms": "2.0.0"
      }
    },
    "diff": {
      "version": "3.3.1",
      "resolved": "https://registry.npmjs.org/diff/-/diff-3.3.1.tgz",
      "integrity": "sha512-MKPHZDMB0o6yHyDryUOScqZibp914ksXwAMYMTHj6KO8UeKsRYNJD3oNCKjTqZon+V488P7N/HzXF8t7ZR95ww==",
      "dev": true
    },
    "discovery-channel": {
      "version": "5.4.7",
      "resolved": "https://registry.npmjs.org/discovery-channel/-/discovery-channel-5.4.7.tgz",
      "integrity": "sha512-6Ohv70DEbtokwypklgHYCQFXCSeGMbMc477z4dsHPhqXKGPfXdWvWrwR38ZqFrU3qDj+F2iOnLOIY/LJbV2L2A==",
      "requires": {
        "bittorrent-dht": "7.10.0",
        "debug": "2.6.9",
        "dns-discovery": "5.6.1",
        "pretty-hash": "1.0.1",
        "thunky": "0.1.0"
      },
      "dependencies": {
        "debug": {
          "version": "2.6.9",
          "resolved": "https://registry.npmjs.org/debug/-/debug-2.6.9.tgz",
          "integrity": "sha512-bC7ElrdJaJnPbAP+1EotYvqZsb3ecl5wi6Bfi6BJTUcNowp6cvspg0jXznRTKDjm/E7AdgFBVeAPVMNcKGsHMA==",
          "requires": {
            "ms": "2.0.0"
          }
        },
        "thunky": {
          "version": "0.1.0",
          "resolved": "https://registry.npmjs.org/thunky/-/thunky-0.1.0.tgz",
          "integrity": "sha1-vzAUaCTituZ7Dy16Ssi+smkIaE4="
        }
      }
    },
    "discovery-swarm": {
      "version": "4.4.2",
      "resolved": "https://registry.npmjs.org/discovery-swarm/-/discovery-swarm-4.4.2.tgz",
      "integrity": "sha1-XTFgpGAZ5Q6HQZV2XffWAe5VqBM=",
      "requires": {
        "buffer-equals": "1.0.4",
        "connections": "1.4.2",
        "debug": "2.6.9",
        "discovery-channel": "5.4.7",
        "length-prefixed-message": "3.0.3",
        "pump": "1.0.3",
        "to-buffer": "1.1.0",
        "utp-native": "1.6.2"
      },
      "dependencies": {
        "debug": {
          "version": "2.6.9",
          "resolved": "https://registry.npmjs.org/debug/-/debug-2.6.9.tgz",
          "integrity": "sha512-bC7ElrdJaJnPbAP+1EotYvqZsb3ecl5wi6Bfi6BJTUcNowp6cvspg0jXznRTKDjm/E7AdgFBVeAPVMNcKGsHMA==",
          "requires": {
            "ms": "2.0.0"
          }
        },
        "pump": {
          "version": "1.0.3",
          "resolved": "https://registry.npmjs.org/pump/-/pump-1.0.3.tgz",
          "integrity": "sha512-8k0JupWme55+9tCVE+FS5ULT3K6AbgqrGa58lTT49RpyfwwcGedHqaC5LlQNdEAumn/wFsu6aPwkuPMioy8kqw==",
          "requires": {
            "end-of-stream": "1.4.0",
            "once": "1.4.0"
          }
        }
      }
    },
    "dns-discovery": {
      "version": "5.6.1",
      "resolved": "https://registry.npmjs.org/dns-discovery/-/dns-discovery-5.6.1.tgz",
      "integrity": "sha512-r27fv3lDuZXCqmb5b04tV2aDxVbwVJaSyPzwPlOYCUbk9F7JvsY+n7EBfY2Z952bGx5TZt3SLQ+ELFjfqyLVoA==",
      "requires": {
        "debug": "2.6.9",
        "dns-socket": "1.6.3",
        "dns-txt": "2.0.2",
        "lru": "2.0.1",
        "minimist": "1.2.0",
        "multicast-dns": "6.2.1",
        "network-address": "1.1.2",
        "unordered-set": "1.1.0"
      },
      "dependencies": {
        "debug": {
          "version": "2.6.9",
          "resolved": "https://registry.npmjs.org/debug/-/debug-2.6.9.tgz",
          "integrity": "sha512-bC7ElrdJaJnPbAP+1EotYvqZsb3ecl5wi6Bfi6BJTUcNowp6cvspg0jXznRTKDjm/E7AdgFBVeAPVMNcKGsHMA==",
          "requires": {
            "ms": "2.0.0"
          }
        },
        "lru": {
          "version": "2.0.1",
          "resolved": "https://registry.npmjs.org/lru/-/lru-2.0.1.tgz",
          "integrity": "sha1-+XmHHhYuP1yiVL5GhExT1MU2RUQ=",
          "requires": {
            "inherits": "2.0.3"
          }
        },
        "minimist": {
          "version": "1.2.0",
          "resolved": "https://registry.npmjs.org/minimist/-/minimist-1.2.0.tgz",
          "integrity": "sha1-o1AIsg9BOD7sH7kU9M1d95omQoQ="
        },
        "unordered-set": {
          "version": "1.1.0",
          "resolved": "https://registry.npmjs.org/unordered-set/-/unordered-set-1.1.0.tgz",
          "integrity": "sha1-K6fvMW7dC5WQzFR8dPdqLxZP7Mo="
        }
      }
    },
    "dns-packet": {
      "version": "1.3.1",
      "resolved": "https://registry.npmjs.org/dns-packet/-/dns-packet-1.3.1.tgz",
      "integrity": "sha512-0UxfQkMhYAUaZI+xrNZOz/as5KgDU0M/fQ9b6SpkyLbk3GEswDi6PADJVaYJradtRVsRIlF1zLyOodbcTCDzUg==",
      "requires": {
        "ip": "1.1.5",
        "safe-buffer": "5.1.1"
      }
    },
    "dns-socket": {
      "version": "1.6.3",
      "resolved": "https://registry.npmjs.org/dns-socket/-/dns-socket-1.6.3.tgz",
      "integrity": "sha512-/mUy3VGqIP69dAZjh2xxHXcpK9wk2Len1Dxz8mWAdrIgFC8tnR/aQAyU4a+UTXzOcTvEvGBdp1zFiwnpWKaXng==",
      "requires": {
        "dns-packet": "1.3.1"
      }
    },
    "dns-txt": {
      "version": "2.0.2",
      "resolved": "https://registry.npmjs.org/dns-txt/-/dns-txt-2.0.2.tgz",
      "integrity": "sha1-uR2Ab10nGI5Ks+fRB9iBocxGQrY=",
      "requires": {
        "buffer-indexof": "1.1.1"
      }
    },
    "duplexer2": {
      "version": "0.0.2",
      "resolved": "https://registry.npmjs.org/duplexer2/-/duplexer2-0.0.2.tgz",
      "integrity": "sha1-xhTc9n4vsUmVqRcR5aYX6KYKMds=",
      "requires": {
        "readable-stream": "1.1.14"
      },
      "dependencies": {
        "isarray": {
          "version": "0.0.1",
          "resolved": "https://registry.npmjs.org/isarray/-/isarray-0.0.1.tgz",
          "integrity": "sha1-ihis/Kmo9Bd+Cav8YDiTmwXR7t8="
        },
        "readable-stream": {
          "version": "1.1.14",
          "resolved": "https://registry.npmjs.org/readable-stream/-/readable-stream-1.1.14.tgz",
          "integrity": "sha1-fPTFTvZI44EwhMY23SB54WbAgdk=",
          "requires": {
            "core-util-is": "1.0.2",
            "inherits": "2.0.3",
            "isarray": "0.0.1",
            "string_decoder": "0.10.31"
          }
        },
        "string_decoder": {
          "version": "0.10.31",
          "resolved": "https://registry.npmjs.org/string_decoder/-/string_decoder-0.10.31.tgz",
          "integrity": "sha1-YuIDvEF2bGwoyfyEMB2rHFMQ+pQ="
        }
      }
    },
    "end-of-stream": {
      "version": "1.4.0",
      "resolved": "https://registry.npmjs.org/end-of-stream/-/end-of-stream-1.4.0.tgz",
      "integrity": "sha1-epDYM+/abPpurA9JSduw+tOmMgY=",
      "requires": {
        "once": "1.4.0"
      }
    },
    "escape-string-regexp": {
      "version": "1.0.5",
      "resolved": "https://registry.npmjs.org/escape-string-regexp/-/escape-string-regexp-1.0.5.tgz",
      "integrity": "sha1-G2HAViGQqN/2rjuyzwIAyhMLhtQ=",
      "dev": true
    },
    "escodegen": {
      "version": "1.3.3",
      "resolved": "https://registry.npmjs.org/escodegen/-/escodegen-1.3.3.tgz",
      "integrity": "sha1-8CQBb1qI4Eb9EgBQVek5gC5sXyM=",
      "requires": {
        "esprima": "1.1.1",
        "estraverse": "1.5.1",
        "esutils": "1.0.0",
        "source-map": "0.1.43"
      }
    },
    "esprima": {
      "version": "1.1.1",
      "resolved": "https://registry.npmjs.org/esprima/-/esprima-1.1.1.tgz",
      "integrity": "sha1-W28VR/TRAuZw4UDFCb5ncdautUk="
    },
    "estraverse": {
      "version": "1.5.1",
      "resolved": "https://registry.npmjs.org/estraverse/-/estraverse-1.5.1.tgz",
      "integrity": "sha1-hno+jlip+EYYr7bC3bzZFrfLr3E="
    },
    "esutils": {
      "version": "1.0.0",
      "resolved": "https://registry.npmjs.org/esutils/-/esutils-1.0.0.tgz",
      "integrity": "sha1-gVHTWOIMisx/t0XnRywAJf5JZXA="
    },
    "falafel": {
      "version": "2.1.0",
      "resolved": "https://registry.npmjs.org/falafel/-/falafel-2.1.0.tgz",
      "integrity": "sha1-lrsXdh2rqU9G0AFzizzt86Z/4Gw=",
      "requires": {
        "acorn": "5.3.0",
        "foreach": "2.0.5",
        "isarray": "0.0.1",
        "object-keys": "1.0.11"
      },
      "dependencies": {
        "isarray": {
          "version": "0.0.1",
          "resolved": "https://registry.npmjs.org/isarray/-/isarray-0.0.1.tgz",
          "integrity": "sha1-ihis/Kmo9Bd+Cav8YDiTmwXR7t8="
        }
      }
    },
    "flat-tree": {
      "version": "1.6.0",
      "resolved": "https://registry.npmjs.org/flat-tree/-/flat-tree-1.6.0.tgz",
      "integrity": "sha1-/KMM3bkAb7ZW6168ea6ydOf96e0="
    },
    "foreach": {
      "version": "2.0.5",
      "resolved": "https://registry.npmjs.org/foreach/-/foreach-2.0.5.tgz",
      "integrity": "sha1-C+4AUBiusmDQo6865ljdATbsG5k="
    },
    "from2": {
      "version": "2.3.0",
      "resolved": "https://registry.npmjs.org/from2/-/from2-2.3.0.tgz",
      "integrity": "sha1-i/tVAr3kpNNs/e6gB/zKIdfjgq8=",
      "requires": {
        "inherits": "2.0.3",
        "readable-stream": "2.3.3"
      }
    },
    "fs.realpath": {
      "version": "1.0.0",
      "resolved": "https://registry.npmjs.org/fs.realpath/-/fs.realpath-1.0.0.tgz",
      "integrity": "sha1-FQStJSMVjKpA20onh8sBQRmU6k8=",
      "dev": true
    },
    "function-bind": {
      "version": "1.1.1",
      "resolved": "https://registry.npmjs.org/function-bind/-/function-bind-1.1.1.tgz",
      "integrity": "sha512-yIovAzMX49sF8Yl58fSCWJ5svSLuaibPxXQJFLmBObTuCr0Mf1KiPopGM9NiFjiYBCbfaa2Fh6breQ6ANVTI0A=="
    },
    "glob": {
      "version": "7.1.2",
      "resolved": "https://registry.npmjs.org/glob/-/glob-7.1.2.tgz",
      "integrity": "sha512-MJTUg1kjuLeQCJ+ccE4Vpa6kKVXkPYJ2mOCQyUuKLcLQsdrMCpBPUi8qVE6+YuaJkozeA9NusTAw3hLr8Xe5EQ==",
      "dev": true,
      "requires": {
        "fs.realpath": "1.0.0",
        "inflight": "1.0.6",
        "inherits": "2.0.3",
        "minimatch": "3.0.4",
        "once": "1.4.0",
        "path-is-absolute": "1.0.1"
      }
    },
    "growl": {
      "version": "1.10.3",
      "resolved": "https://registry.npmjs.org/growl/-/growl-1.10.3.tgz",
      "integrity": "sha512-hKlsbA5Vu3xsh1Cg3J7jSmX/WaW6A5oBeqzM88oNbCRQFz+zUaXm6yxS4RVytp1scBoJzSYl4YAEOQIt6O8V1Q==",
      "dev": true
    },
    "has": {
      "version": "1.0.1",
      "resolved": "https://registry.npmjs.org/has/-/has-1.0.1.tgz",
      "integrity": "sha1-hGFzP1OLCDfJNh45qauelwTcLyg=",
      "requires": {
        "function-bind": "1.1.1"
      }
    },
    "has-flag": {
      "version": "2.0.0",
      "resolved": "https://registry.npmjs.org/has-flag/-/has-flag-2.0.0.tgz",
      "integrity": "sha1-6CB68cx7MNRGzHC3NLXovhj4jVE=",
      "dev": true
    },
    "he": {
      "version": "1.1.1",
      "resolved": "https://registry.npmjs.org/he/-/he-1.1.1.tgz",
      "integrity": "sha1-k0EP0hsAlzUVH4howvJx80J+I/0=",
      "dev": true
    },
    "husky": {
      "version": "0.14.3",
      "resolved": "https://registry.npmjs.org/husky/-/husky-0.14.3.tgz",
      "integrity": "sha512-e21wivqHpstpoiWA/Yi8eFti8E+sQDSS53cpJsPptPs295QTOQR0ZwnHo2TXy1XOpZFD9rPOd3NpmqTK6uMLJA==",
      "dev": true,
      "requires": {
        "is-ci": "1.1.0",
        "normalize-path": "1.0.0",
        "strip-indent": "2.0.0"
      }
    },
    "hypercore": {
      "version": "6.12.0",
      "resolved": "https://registry.npmjs.org/hypercore/-/hypercore-6.12.0.tgz",
      "integrity": "sha512-6BV7w/Im1L2FjVbaWatLimHc9THgCCTyrcex0N5RJQvF2da6rR+XxVOXGXuTZv+zmt3yUjsf5yvqL5lEfVXdAQ==",
      "requires": {
        "array-lru": "1.1.1",
        "atomic-batcher": "1.0.2",
        "bitfield-rle": "2.1.0",
        "buffer-equals": "1.0.4",
        "bulk-write-stream": "1.1.3",
        "codecs": "1.2.0",
        "flat-tree": "1.6.0",
        "from2": "2.3.0",
        "hypercore-protocol": "6.5.1",
        "inherits": "2.0.3",
        "last-one-wins": "1.0.4",
        "memory-pager": "1.1.0",
        "merkle-tree-stream": "3.0.3",
        "process-nextick-args": "1.0.7",
        "random-access-file": "1.8.1",
        "sodium-universal": "2.0.0",
        "sparse-bitfield": "3.0.3",
        "thunky": "1.0.2",
        "uint64be": "2.0.1",
        "unordered-array-remove": "1.0.2",
        "unordered-set": "2.0.0"
      }
    },
    "hypercore-archiver": {
      "version": "4.4.1",
      "resolved": "https://registry.npmjs.org/hypercore-archiver/-/hypercore-archiver-4.4.1.tgz",
      "integrity": "sha512-+LHihQ7Bu8i4U8hLAxMjWnT/tHhxzH4sLARaIG2HzbGcaY2Zyt3JlWCGuC+CLkGcQrtywFvs4qI54scOxJY8iw==",
      "requires": {
        "datland-swarm-defaults": "1.0.2",
        "debug": "2.6.9",
        "discovery-swarm": "4.4.2",
        "hypercore": "6.12.0",
        "hypercore-protocol": "6.5.1",
        "random-access-file": "1.8.1",
        "thunky": "1.0.2",
        "to-buffer": "1.1.0",
        "xtend": "4.0.1"
      },
      "dependencies": {
        "debug": {
          "version": "2.6.9",
          "resolved": "https://registry.npmjs.org/debug/-/debug-2.6.9.tgz",
          "integrity": "sha512-bC7ElrdJaJnPbAP+1EotYvqZsb3ecl5wi6Bfi6BJTUcNowp6cvspg0jXznRTKDjm/E7AdgFBVeAPVMNcKGsHMA==",
          "requires": {
            "ms": "2.0.0"
          }
        }
      }
    },
    "hypercore-protocol": {
      "version": "6.5.1",
      "resolved": "https://registry.npmjs.org/hypercore-protocol/-/hypercore-protocol-6.5.1.tgz",
      "integrity": "sha512-1GMMXiTc8BIXtGBAjXKEQdXzMYcHTtJBc5y1vcTlfssig0u+4CbFOK0yCBXSX4QHltcYpH2H3LkvoDk/FL3iuw==",
      "requires": {
        "inherits": "2.0.3",
        "protocol-buffers-encodings": "1.1.0",
        "readable-stream": "2.3.3",
        "sodium-universal": "2.0.0",
        "sorted-indexof": "1.0.0",
        "varint": "5.0.0"
      },
      "dependencies": {
        "varint": {
          "version": "5.0.0",
          "resolved": "https://registry.npmjs.org/varint/-/varint-5.0.0.tgz",
          "integrity": "sha1-2Ca4n3SQcy+rwMDtaT7Uddyynr8="
        }
      }
    },
    "immutable": {
      "version": "3.8.2",
      "resolved": "https://registry.npmjs.org/immutable/-/immutable-3.8.2.tgz",
      "integrity": "sha1-wkOZUUVbs5kT2vKBN28VMOEErfM="
    },
    "inflight": {
      "version": "1.0.6",
      "resolved": "https://registry.npmjs.org/inflight/-/inflight-1.0.6.tgz",
      "integrity": "sha1-Sb1jMdfQLQwJvJEKEHW6gWW1bfk=",
      "dev": true,
      "requires": {
        "once": "1.4.0",
        "wrappy": "1.0.2"
      }
    },
    "inherits": {
      "version": "2.0.3",
      "resolved": "https://registry.npmjs.org/inherits/-/inherits-2.0.3.tgz",
      "integrity": "sha1-Yzwsg+PaQqUC9SRmAiSA9CCCYd4="
    },
    "ini": {
      "version": "1.3.5",
      "resolved": "https://registry.npmjs.org/ini/-/ini-1.3.5.tgz",
      "integrity": "sha512-RZY5huIKCMRWDUqZlEi72f/lmXKMvuszcMBduliQ3nnWbx9X/ZBQO7DijMEYS9EhHBb2qacRUMtC7svLwe0lcw==",
      "optional": true
    },
    "ip": {
      "version": "1.1.5",
      "resolved": "https://registry.npmjs.org/ip/-/ip-1.1.5.tgz",
      "integrity": "sha1-vd7XARQpCCjAoDnnLvJfWq7ENUo="
    },
    "is-ci": {
      "version": "1.1.0",
      "resolved": "https://registry.npmjs.org/is-ci/-/is-ci-1.1.0.tgz",
      "integrity": "sha512-c7TnwxLePuqIlxHgr7xtxzycJPegNHFuIrBkwbf8hc58//+Op1CqFkyS+xnIMkwn9UsJIwc174BIjkyBmSpjKg==",
      "dev": true,
      "requires": {
        "ci-info": "1.1.2"
      }
    },
    "isarray": {
      "version": "1.0.0",
      "resolved": "https://registry.npmjs.org/isarray/-/isarray-1.0.0.tgz",
      "integrity": "sha1-u5NdSFgsuhaMBoNJV6VKPgcSTxE="
    },
    "k-bucket": {
      "version": "3.3.1",
      "resolved": "https://registry.npmjs.org/k-bucket/-/k-bucket-3.3.1.tgz",
      "integrity": "sha512-kgwWqYT79rAahn4maIVTP8dIe+m1KulufWW+f1bB9DlZrRFiGpZ4iJOg2HUp4xJYBWONP3+rOPIWF/RXABU6mw==",
      "requires": {
        "buffer-equals": "1.0.4",
        "inherits": "2.0.3",
        "randombytes": "2.0.6"
      }
    },
    "k-rpc": {
      "version": "4.2.1",
      "resolved": "https://registry.npmjs.org/k-rpc/-/k-rpc-4.2.1.tgz",
      "integrity": "sha512-Ft3Yrsobne+zqz1uEyk2Vl0n5KpKROSGI6Ar270ZBmeh7MtTgtucOVeddX5fv2uITMw7cGT6hp8EpeXp4HW5rA==",
      "requires": {
        "buffer-equals": "1.0.4",
        "k-bucket": "3.3.1",
        "k-rpc-socket": "1.7.2",
        "randombytes": "2.0.6",
        "safe-buffer": "5.1.1"
      }
    },
    "k-rpc-socket": {
      "version": "1.7.2",
      "resolved": "https://registry.npmjs.org/k-rpc-socket/-/k-rpc-socket-1.7.2.tgz",
      "integrity": "sha512-g1FH/9Ahiy9iAfH/fwqpoaD6KgpgKRdzG++1hEuH6Lg9epAgYwG2ca37CMDgIIegyju0Ct8GO1eVaBCkAcbABQ==",
      "requires": {
        "bencode": "1.0.0",
        "buffer-equals": "1.0.4",
        "safe-buffer": "5.1.1"
      }
    },
    "last-one-wins": {
      "version": "1.0.4",
      "resolved": "https://registry.npmjs.org/last-one-wins/-/last-one-wins-1.0.4.tgz",
      "integrity": "sha1-wb/Qy8tGeQ7JFWuNGu6Py4bNoio="
    },
    "length-prefixed-message": {
      "version": "3.0.3",
      "resolved": "https://registry.npmjs.org/length-prefixed-message/-/length-prefixed-message-3.0.3.tgz",
      "integrity": "sha1-JFR01pq8BhTco2jcNaqAdJgqI6w=",
      "requires": {
        "varint": "3.0.1"
      },
      "dependencies": {
        "varint": {
          "version": "3.0.1",
          "resolved": "https://registry.npmjs.org/varint/-/varint-3.0.1.tgz",
          "integrity": "sha1-nT9T4DbAqxIACnS8LSTL8JOlgdk="
        }
      }
    },
    "lru": {
      "version": "3.1.0",
      "resolved": "https://registry.npmjs.org/lru/-/lru-3.1.0.tgz",
      "integrity": "sha1-6n+4VG2DczOWoTCR12z+tMBoN9U=",
      "requires": {
        "inherits": "2.0.3"
      }
    },
    "memory-pager": {
      "version": "1.1.0",
      "resolved": "https://registry.npmjs.org/memory-pager/-/memory-pager-1.1.0.tgz",
      "integrity": "sha512-Mf9OHV/Y7h6YWDxTzX/b4ZZ4oh9NSXblQL8dtPCOomOtZciEHxePR78+uHFLLlsk01A6jVHhHsQZZ/WcIPpnzg=="
    },
    "merkle-tree-stream": {
      "version": "3.0.3",
      "resolved": "https://registry.npmjs.org/merkle-tree-stream/-/merkle-tree-stream-3.0.3.tgz",
      "integrity": "sha1-+KBkdg0355eK1fn208EZpJT1cIE=",
      "requires": {
        "flat-tree": "1.6.0",
        "readable-stream": "2.3.3"
      }
    },
    "minimatch": {
      "version": "3.0.4",
      "resolved": "https://registry.npmjs.org/minimatch/-/minimatch-3.0.4.tgz",
      "integrity": "sha512-yJHVQEhyqPLUTgt9B83PXu6W3rx4MvvHvSUvToogpwoGDOUQ+yDrR0HRot+yOCdCO7u4hX3pWft6kWBBcqh0UA==",
      "dev": true,
      "requires": {
        "brace-expansion": "1.1.8"
      }
    },
    "minimist": {
      "version": "0.0.8",
      "resolved": "https://registry.npmjs.org/minimist/-/minimist-0.0.8.tgz",
      "integrity": "sha1-hX/Kv8M5fSYluCKCYuhqp6ARsF0="
    },
    "mkdirp": {
      "version": "0.5.1",
      "resolved": "https://registry.npmjs.org/mkdirp/-/mkdirp-0.5.1.tgz",
      "integrity": "sha1-MAV0OOrGz3+MR2fzhkjWaX11yQM=",
      "requires": {
        "minimist": "0.0.8"
      }
    },
    "mocha": {
      "version": "5.0.0",
      "resolved": "https://registry.npmjs.org/mocha/-/mocha-5.0.0.tgz",
      "integrity": "sha512-ukB2dF+u4aeJjc6IGtPNnJXfeby5d4ZqySlIBT0OEyva/DrMjVm5HkQxKnHDLKEfEQBsEnwTg9HHhtPHJdTd8w==",
      "dev": true,
      "requires": {
        "browser-stdout": "1.3.0",
        "commander": "2.11.0",
        "debug": "3.1.0",
        "diff": "3.3.1",
        "escape-string-regexp": "1.0.5",
        "glob": "7.1.2",
        "growl": "1.10.3",
        "he": "1.1.1",
        "mkdirp": "0.5.1",
        "supports-color": "4.4.0"
      }
    },
    "ms": {
      "version": "2.0.0",
      "resolved": "https://registry.npmjs.org/ms/-/ms-2.0.0.tgz",
      "integrity": "sha1-VgiurfwAvmwpAd9fmGF4jeDVl8g="
    },
    "multicast-dns": {
      "version": "6.2.1",
      "resolved": "https://registry.npmjs.org/multicast-dns/-/multicast-dns-6.2.1.tgz",
      "integrity": "sha512-uV3/ckdsffHx9IrGQrx613mturMdMqQ06WTq+C09NsStJ9iNG6RcUWgPKs1Rfjy+idZT6tfQoXEusGNnEZhT3w==",
      "requires": {
        "dns-packet": "1.3.1",
        "thunky": "0.1.0"
      },
      "dependencies": {
        "thunky": {
          "version": "0.1.0",
          "resolved": "https://registry.npmjs.org/thunky/-/thunky-0.1.0.tgz",
          "integrity": "sha1-vzAUaCTituZ7Dy16Ssi+smkIaE4="
        }
      }
    },
    "nan": {
      "version": "2.8.0",
      "resolved": "https://registry.npmjs.org/nan/-/nan-2.8.0.tgz",
      "integrity": "sha1-7XFfP+neArV6XmJS2QqWZ14fCFo=",
      "optional": true
    },
    "nanoassert": {
      "version": "1.1.0",
      "resolved": "https://registry.npmjs.org/nanoassert/-/nanoassert-1.1.0.tgz",
      "integrity": "sha1-TzFS4JVA/eKMdvRLGbvNHVpCR40="
    },
    "network-address": {
      "version": "1.1.2",
      "resolved": "https://registry.npmjs.org/network-address/-/network-address-1.1.2.tgz",
      "integrity": "sha1-Sqe/1D8D8LgclwKxPWqFjdsybz4="
    },
    "node-gyp-build": {
      "version": "3.2.2",
      "resolved": "https://registry.npmjs.org/node-gyp-build/-/node-gyp-build-3.2.2.tgz",
      "integrity": "sha512-t8W/0UqFGl1c+5ORA3NoT3npU+PxWBL9iPhY7ZySSTszodj3RWexmu8niayWBE0v+0DLARvOXsjaAvfmSEQOyQ==",
      "optional": true
    },
    "normalize-path": {
      "version": "1.0.0",
      "resolved": "https://registry.npmjs.org/normalize-path/-/normalize-path-1.0.0.tgz",
      "integrity": "sha1-MtDkcvkf80VwHBWoMRAY07CpA3k=",
      "dev": true
    },
    "object-inspect": {
      "version": "0.4.0",
      "resolved": "https://registry.npmjs.org/object-inspect/-/object-inspect-0.4.0.tgz",
      "integrity": "sha1-9RV8EWwUVbJDsG7pdwM5LFrYn+w="
    },
    "object-keys": {
      "version": "1.0.11",
      "resolved": "https://registry.npmjs.org/object-keys/-/object-keys-1.0.11.tgz",
      "integrity": "sha1-xUYBd4rVYPEULODgG8yotW0TQm0="
    },
    "once": {
      "version": "1.4.0",
      "resolved": "https://registry.npmjs.org/once/-/once-1.4.0.tgz",
      "integrity": "sha1-WDsap3WWHUsROsF9nFC6753Xa9E=",
      "requires": {
        "wrappy": "1.0.2"
      }
    },
    "path-is-absolute": {
      "version": "1.0.1",
      "resolved": "https://registry.npmjs.org/path-is-absolute/-/path-is-absolute-1.0.1.tgz",
      "integrity": "sha1-F0uSaHNVNP+8es5r9TpanhtcX18=",
      "dev": true
    },
    "path-parse": {
      "version": "1.0.5",
      "resolved": "https://registry.npmjs.org/path-parse/-/path-parse-1.0.5.tgz",
      "integrity": "sha1-PBrfhx6pzWyUMbbqK9dKD/BVxME="
    },
    "pretty-hash": {
      "version": "1.0.1",
      "resolved": "https://registry.npmjs.org/pretty-hash/-/pretty-hash-1.0.1.tgz",
      "integrity": "sha1-FuBXkYje9WvbVliSvNBaXWUySAc="
    },
    "process-nextick-args": {
      "version": "1.0.7",
      "resolved": "https://registry.npmjs.org/process-nextick-args/-/process-nextick-args-1.0.7.tgz",
      "integrity": "sha1-FQ4gt1ZZCtP5EJPyWk8q2L/zC6M="
    },
    "protocol-buffers-encodings": {
      "version": "1.1.0",
      "resolved": "https://registry.npmjs.org/protocol-buffers-encodings/-/protocol-buffers-encodings-1.1.0.tgz",
      "integrity": "sha512-SmjEuAf3hc3h3rWZ6V1YaaQw2MNJWK848gLJgzx/sefOJdNLujKinJVXIS0q2cBQpQn2Q32TinawZyDZPzm4kQ==",
      "requires": {
        "signed-varint": "2.0.1",
        "varint": "5.0.0"
      },
      "dependencies": {
        "varint": {
          "version": "5.0.0",
          "resolved": "https://registry.npmjs.org/varint/-/varint-5.0.0.tgz",
          "integrity": "sha1-2Ca4n3SQcy+rwMDtaT7Uddyynr8="
        }
      }
    },
    "pump": {
      "version": "2.0.1",
      "resolved": "https://registry.npmjs.org/pump/-/pump-2.0.1.tgz",
      "integrity": "sha512-ruPMNRkN3MHP1cWJc9OWr+T/xDP0jhXYCLfJcBuX54hhfIBnaQmAUMfDcG4DM5UMWByBbJY69QSphm3jtDKIkA==",
      "dev": true,
      "requires": {
        "end-of-stream": "1.4.0",
        "once": "1.4.0"
      }
    },
    "quote-stream": {
      "version": "1.0.2",
      "resolved": "https://registry.npmjs.org/quote-stream/-/quote-stream-1.0.2.tgz",
      "integrity": "sha1-hJY/jJwmuULhU/7rU6rnRlK34LI=",
      "requires": {
        "buffer-equal": "0.0.1",
        "minimist": "1.2.0",
        "through2": "2.0.3"
      },
      "dependencies": {
        "minimist": {
          "version": "1.2.0",
          "resolved": "https://registry.npmjs.org/minimist/-/minimist-1.2.0.tgz",
          "integrity": "sha1-o1AIsg9BOD7sH7kU9M1d95omQoQ="
        }
      }
    },
    "random-access-file": {
      "version": "1.8.1",
      "resolved": "https://registry.npmjs.org/random-access-file/-/random-access-file-1.8.1.tgz",
      "integrity": "sha512-+Uhk0Of+dWHWjpbL2hizcwSV1UomcN3S0iUGV6BTZ2Js1BP9jHx3E5CT7y0eLbqTQNkVi4iehkHmia7Mdqa47w==",
      "requires": {
        "buffer-alloc-unsafe": "1.0.0",
        "debug": "2.6.9",
        "inherits": "2.0.3",
        "mkdirp": "0.5.1",
        "thunky": "1.0.2"
      },
      "dependencies": {
        "debug": {
          "version": "2.6.9",
          "resolved": "https://registry.npmjs.org/debug/-/debug-2.6.9.tgz",
          "integrity": "sha512-bC7ElrdJaJnPbAP+1EotYvqZsb3ecl5wi6Bfi6BJTUcNowp6cvspg0jXznRTKDjm/E7AdgFBVeAPVMNcKGsHMA==",
          "requires": {
            "ms": "2.0.0"
          }
        }
      }
    },
    "randombytes": {
      "version": "2.0.6",
      "resolved": "https://registry.npmjs.org/randombytes/-/randombytes-2.0.6.tgz",
      "integrity": "sha512-CIQ5OFxf4Jou6uOKe9t1AOgqpeU5fd70A8NPdHSGeYXqXsPe6peOwI0cUl88RWZ6sP1vPMV3avd/R6cZ5/sP1A==",
      "requires": {
        "safe-buffer": "5.1.1"
      }
    },
    "readable-stream": {
      "version": "2.3.3",
      "resolved": "https://registry.npmjs.org/readable-stream/-/readable-stream-2.3.3.tgz",
      "integrity": "sha512-m+qzzcn7KUxEmd1gMbchF+Y2eIUbieUaxkWtptyHywrX0rE8QEYqPC07Vuy4Wm32/xE16NcdBctb8S0Xe/5IeQ==",
      "requires": {
        "core-util-is": "1.0.2",
        "inherits": "2.0.3",
        "isarray": "1.0.0",
        "process-nextick-args": "1.0.7",
        "safe-buffer": "5.1.1",
        "string_decoder": "1.0.3",
        "util-deprecate": "1.0.2"
      }
    },
    "resolve": {
      "version": "1.5.0",
      "resolved": "https://registry.npmjs.org/resolve/-/resolve-1.5.0.tgz",
      "integrity": "sha512-hgoSGrc3pjzAPHNBg+KnFcK2HwlHTs/YrAGUr6qgTVUZmXv1UEXXl0bZNBKMA9fud6lRYFdPGz0xXxycPzmmiw==",
      "requires": {
        "path-parse": "1.0.5"
      }
    },
    "rusha": {
      "version": "0.8.11",
      "resolved": "https://registry.npmjs.org/rusha/-/rusha-0.8.11.tgz",
      "integrity": "sha1-yqiWOx2/0inZBibdPyp4RDDWBY0="
    },
    "safe-buffer": {
      "version": "5.1.1",
      "resolved": "https://registry.npmjs.org/safe-buffer/-/safe-buffer-5.1.1.tgz",
      "integrity": "sha512-kKvNJn6Mm93gAczWVJg7wH+wGYWNrDHdWvpUmHyEsgCtIwwo3bqPtV4tR5tuPaUhTOo/kvhVwd8XwwOllGYkbg=="
    },
    "shallow-copy": {
      "version": "0.0.1",
      "resolved": "https://registry.npmjs.org/shallow-copy/-/shallow-copy-0.0.1.tgz",
      "integrity": "sha1-QV9CcC1z2BAzApLMXuhurhoRoXA="
    },
    "signed-varint": {
      "version": "2.0.1",
      "resolved": "https://registry.npmjs.org/signed-varint/-/signed-varint-2.0.1.tgz",
      "integrity": "sha1-UKmYnafJjCxh2tEZvJdHDvhSgSk=",
      "requires": {
        "varint": "5.0.0"
      },
      "dependencies": {
        "varint": {
          "version": "5.0.0",
          "resolved": "https://registry.npmjs.org/varint/-/varint-5.0.0.tgz",
          "integrity": "sha1-2Ca4n3SQcy+rwMDtaT7Uddyynr8="
        }
      }
    },
    "simple-sha1": {
      "version": "2.1.0",
      "resolved": "https://registry.npmjs.org/simple-sha1/-/simple-sha1-2.1.0.tgz",
      "integrity": "sha1-lCe7lv8SY8wQqEFM7dUaGLkZ6LM=",
      "requires": {
        "rusha": "0.8.11"
      }
    },
    "siphash24": {
      "version": "1.1.0",
      "resolved": "https://registry.npmjs.org/siphash24/-/siphash24-1.1.0.tgz",
      "integrity": "sha512-nDCEEZKb6m7OxxG/5wwaLy2R+KpyLcOnGjTJlFXG+14FUmpDD1FCFV/MjsYATjShsqPkSkl1BVevI0TCehdsTw==",
      "requires": {
        "nanoassert": "1.1.0"
      }
    },
    "sodium-javascript": {
      "version": "0.5.4",
      "resolved": "https://registry.npmjs.org/sodium-javascript/-/sodium-javascript-0.5.4.tgz",
      "integrity": "sha512-YEQtgtDpDlKYGinla+F1HfZ1e3CtYCnsvJ5n2llbFFXmMDeIac4auOIkxuvt7dN9G0/ELBDAEgbzHKbEoP6GWw==",
      "requires": {
        "blake2b": "2.1.2",
        "nanoassert": "1.1.0",
        "siphash24": "1.1.0",
        "xsalsa20": "1.0.2"
      }
    },
    "sodium-native": {
      "version": "2.1.3",
      "resolved": "https://registry.npmjs.org/sodium-native/-/sodium-native-2.1.3.tgz",
      "integrity": "sha512-BLZAiHgr1YPD+D50QpbaPGTNzEu5ozJjMgZhpjMJEijherL3u4vNAhgpRJX7Uuypfo9MCdbcB0fguXFijngWzg==",
      "optional": true,
      "requires": {
        "ini": "1.3.5",
        "nan": "2.8.0",
        "node-gyp-build": "3.2.2"
      }
    },
    "sodium-universal": {
      "version": "2.0.0",
      "resolved": "https://registry.npmjs.org/sodium-universal/-/sodium-universal-2.0.0.tgz",
      "integrity": "sha512-csdVyakzHJRyCevY4aZC2Eacda8paf+4nmRGF2N7KxCLKY2Ajn72JsExaQlJQ2BiXJncp44p3T+b80cU+2TTsg==",
      "requires": {
        "sodium-javascript": "0.5.4",
        "sodium-native": "2.1.3"
      }
    },
    "sorted-indexof": {
      "version": "1.0.0",
      "resolved": "https://registry.npmjs.org/sorted-indexof/-/sorted-indexof-1.0.0.tgz",
      "integrity": "sha1-F8dC/3zxh+L1mhXfm4HxemLOCJk="
    },
    "source-map": {
      "version": "0.1.43",
      "resolved": "https://registry.npmjs.org/source-map/-/source-map-0.1.43.tgz",
      "integrity": "sha1-wkvBRspRfBRx9drL4lcbK3+eM0Y=",
      "optional": true,
      "requires": {
        "amdefine": "1.0.1"
      }
    },
    "sparse-bitfield": {
      "version": "3.0.3",
      "resolved": "https://registry.npmjs.org/sparse-bitfield/-/sparse-bitfield-3.0.3.tgz",
      "integrity": "sha1-/0rm5oZWBWuks+eSqzM004JzyhE=",
      "requires": {
        "memory-pager": "1.1.0"
      }
    },
    "static-eval": {
      "version": "0.2.4",
      "resolved": "https://registry.npmjs.org/static-eval/-/static-eval-0.2.4.tgz",
      "integrity": "sha1-t9NNg4k3uWn5ZBygfUj47eJj6ns=",
      "requires": {
        "escodegen": "0.0.28"
      },
      "dependencies": {
        "escodegen": {
          "version": "0.0.28",
          "resolved": "https://registry.npmjs.org/escodegen/-/escodegen-0.0.28.tgz",
          "integrity": "sha1-Dk/xcV8yh3XWyrUaxEpAbNer/9M=",
          "requires": {
            "esprima": "1.0.4",
            "estraverse": "1.3.2",
            "source-map": "0.1.43"
          }
        },
        "esprima": {
          "version": "1.0.4",
          "resolved": "https://registry.npmjs.org/esprima/-/esprima-1.0.4.tgz",
          "integrity": "sha1-n1V+CPw7TSbs6d00+Pv0drYlha0="
        },
        "estraverse": {
          "version": "1.3.2",
          "resolved": "https://registry.npmjs.org/estraverse/-/estraverse-1.3.2.tgz",
          "integrity": "sha1-N8K4k+8T1yPydth41g2FNRUqbEI="
        }
      }
    },
    "static-module": {
      "version": "1.5.0",
      "resolved": "https://registry.npmjs.org/static-module/-/static-module-1.5.0.tgz",
      "integrity": "sha1-J9qYg8QajNCSNvhC8MHrxu32PYY=",
      "requires": {
        "concat-stream": "1.6.0",
        "duplexer2": "0.0.2",
        "escodegen": "1.3.3",
        "falafel": "2.1.0",
        "has": "1.0.1",
        "object-inspect": "0.4.0",
        "quote-stream": "0.0.0",
        "readable-stream": "1.0.34",
        "shallow-copy": "0.0.1",
        "static-eval": "0.2.4",
        "through2": "0.4.2"
      },
      "dependencies": {
        "isarray": {
          "version": "0.0.1",
          "resolved": "https://registry.npmjs.org/isarray/-/isarray-0.0.1.tgz",
          "integrity": "sha1-ihis/Kmo9Bd+Cav8YDiTmwXR7t8="
        },
        "object-keys": {
          "version": "0.4.0",
          "resolved": "https://registry.npmjs.org/object-keys/-/object-keys-0.4.0.tgz",
          "integrity": "sha1-KKaq50KN0sOpLz2V8hM13SBOAzY="
        },
        "quote-stream": {
          "version": "0.0.0",
          "resolved": "https://registry.npmjs.org/quote-stream/-/quote-stream-0.0.0.tgz",
          "integrity": "sha1-zeKelMQJsW4Z3HCYuJtmWPlyHTs=",
          "requires": {
            "minimist": "0.0.8",
            "through2": "0.4.2"
          }
        },
        "readable-stream": {
          "version": "1.0.34",
          "resolved": "https://registry.npmjs.org/readable-stream/-/readable-stream-1.0.34.tgz",
          "integrity": "sha1-Elgg40vIQtLyqq+v5MKRbuMsFXw=",
          "requires": {
            "core-util-is": "1.0.2",
            "inherits": "2.0.3",
            "isarray": "0.0.1",
            "string_decoder": "0.10.31"
          }
        },
        "string_decoder": {
          "version": "0.10.31",
          "resolved": "https://registry.npmjs.org/string_decoder/-/string_decoder-0.10.31.tgz",
          "integrity": "sha1-YuIDvEF2bGwoyfyEMB2rHFMQ+pQ="
        },
        "through2": {
          "version": "0.4.2",
          "resolved": "https://registry.npmjs.org/through2/-/through2-0.4.2.tgz",
          "integrity": "sha1-2/WGYDEVHsg1K7bE22SiKSqEC5s=",
          "requires": {
            "readable-stream": "1.0.34",
            "xtend": "2.1.2"
          }
        },
        "xtend": {
          "version": "2.1.2",
          "resolved": "https://registry.npmjs.org/xtend/-/xtend-2.1.2.tgz",
          "integrity": "sha1-bv7MKk2tjmlixJAbM3znuoe10os=",
          "requires": {
            "object-keys": "0.4.0"
          }
        }
      }
    },
    "string_decoder": {
      "version": "1.0.3",
      "resolved": "https://registry.npmjs.org/string_decoder/-/string_decoder-1.0.3.tgz",
      "integrity": "sha512-4AH6Z5fzNNBcH+6XDMfA/BTt87skxqJlO0lAh3Dker5zThcAxG6mKz+iGu308UKoPPQ8Dcqx/4JhujzltRa+hQ==",
      "requires": {
        "safe-buffer": "5.1.1"
      }
    },
    "strip-indent": {
      "version": "2.0.0",
      "resolved": "https://registry.npmjs.org/strip-indent/-/strip-indent-2.0.0.tgz",
      "integrity": "sha1-XvjbKV0B5u1sv3qrlpmNeCJSe2g=",
      "dev": true
    },
    "supports-color": {
      "version": "4.4.0",
      "resolved": "https://registry.npmjs.org/supports-color/-/supports-color-4.4.0.tgz",
      "integrity": "sha512-rKC3+DyXWgK0ZLKwmRsrkyHVZAjNkfzeehuFWdGGcqGDTZFH73+RH6S/RDAAxl9GusSjZSUWYLmT9N5pzXFOXQ==",
      "dev": true,
      "requires": {
        "has-flag": "2.0.0"
      }
    },
    "through2": {
      "version": "2.0.3",
      "resolved": "https://registry.npmjs.org/through2/-/through2-2.0.3.tgz",
      "integrity": "sha1-AARWmzfHx0ujnEPzzteNGtlBQL4=",
      "requires": {
        "readable-stream": "2.3.3",
        "xtend": "4.0.1"
      }
    },
    "thunky": {
      "version": "1.0.2",
      "resolved": "https://registry.npmjs.org/thunky/-/thunky-1.0.2.tgz",
      "integrity": "sha1-qGLgGOP7HqLsP85dVWBc9X8kc3E="
    },
    "to-buffer": {
      "version": "1.1.0",
      "resolved": "https://registry.npmjs.org/to-buffer/-/to-buffer-1.1.0.tgz",
      "integrity": "sha1-N1vAPtrlw1qPoLP+laHzmF2x3Po="
    },
    "transit-immutable-js": {
      "version": "0.7.0",
      "resolved": "https://registry.npmjs.org/transit-immutable-js/-/transit-immutable-js-0.7.0.tgz",
      "integrity": "sha1-mT4lCJtjEf9AIUD1VidtbSUwBdk="
    },
    "transit-js": {
      "version": "0.8.846",
      "resolved": "https://registry.npmjs.org/transit-js/-/transit-js-0.8.846.tgz",
      "integrity": "sha1-duBujw5r4nZ140QhEvXJu3U0NGQ="
    },
    "typedarray": {
      "version": "0.0.6",
      "resolved": "https://registry.npmjs.org/typedarray/-/typedarray-0.0.6.tgz",
      "integrity": "sha1-hnrHTjhkGHsdPUfZlqeOxciDB3c="
    },
    "uint64be": {
      "version": "2.0.1",
      "resolved": "https://registry.npmjs.org/uint64be/-/uint64be-2.0.1.tgz",
      "integrity": "sha1-oxDZTk5eCwKpXWeOMzI/gCvchCg="
    },
    "unordered-array-remove": {
      "version": "1.0.2",
      "resolved": "https://registry.npmjs.org/unordered-array-remove/-/unordered-array-remove-1.0.2.tgz",
      "integrity": "sha1-xUbo+I4xegzyZEyX7LV9umbSUO8="
    },
    "unordered-set": {
      "version": "2.0.0",
      "resolved": "https://registry.npmjs.org/unordered-set/-/unordered-set-2.0.0.tgz",
      "integrity": "sha1-mFon6XW6oguCY66np5HpMAlBqew="
    },
    "util-deprecate": {
      "version": "1.0.2",
      "resolved": "https://registry.npmjs.org/util-deprecate/-/util-deprecate-1.0.2.tgz",
      "integrity": "sha1-RQ1Nyfpw3nMnYvvS1KKJgUGaDM8="
    },
    "utp-native": {
      "version": "1.6.2",
      "resolved": "https://registry.npmjs.org/utp-native/-/utp-native-1.6.2.tgz",
      "integrity": "sha512-z724NhTLcRQeBBM0W9npDpwCZvsj2veD3/NKFjKfdS5AlTr4EQRIzl85JupKNAc1PjlhjOWIzObvJrQq3FjLqg==",
      "optional": true,
      "requires": {
        "nan": "2.8.0",
        "node-gyp-build": "3.2.2",
        "readable-stream": "2.3.3"
      }
    },
    "uuid": {
      "version": "3.2.1",
      "resolved": "https://registry.npmjs.org/uuid/-/uuid-3.2.1.tgz",
      "integrity": "sha512-jZnMwlb9Iku/O3smGWvZhauCf6cvvpKi4BKRiliS3cxnI+Gz9j5MEpTz2UFuXiKPJocb7gnsLHwiS05ige5BEA=="
    },
    "varint": {
      "version": "4.0.1",
      "resolved": "https://registry.npmjs.org/varint/-/varint-4.0.1.tgz",
      "integrity": "sha1-SQgpuULSSEY7KzUJeZXDv3NxmOk="
    },
    "wrappy": {
      "version": "1.0.2",
      "resolved": "https://registry.npmjs.org/wrappy/-/wrappy-1.0.2.tgz",
      "integrity": "sha1-tSQ9jz7BqjXxNkYFvA0QNuMKtp8="
    },
    "xsalsa20": {
      "version": "1.0.2",
      "resolved": "https://registry.npmjs.org/xsalsa20/-/xsalsa20-1.0.2.tgz",
      "integrity": "sha512-g1DFmZ5JJ9Qzvt4dMw6m9IydqoCSP381ucU5zm46Owbk3bwmqAr8eEJirOPc7PrXRn45drzOpAyDp8jsnoyXyw=="
    },
    "xtend": {
      "version": "4.0.1",
      "resolved": "https://registry.npmjs.org/xtend/-/xtend-4.0.1.tgz",
      "integrity": "sha1-pcbVMr5lbiPbgg77lDofBJmNY68="
    }
  }
}
