# THIS IS AN AUTOGENERATED FILE. DO NOT EDIT THIS FILE DIRECTLY.
# yarn lockfile v1


array-lru@^1.1.0:
  version "1.1.1"
  resolved "https://registry.yarnpkg.com/array-lru/-/array-lru-1.1.1.tgz#0c7e1b4e022ae166ff1e8448c595f3181fcd3337"
  integrity sha1-DH4bTgIq4Wb/HoRIxZXzGB/NMzc=

arrify@^1.0.0:
  version "1.0.1"
  resolved "https://registry.yarnpkg.com/arrify/-/arrify-1.0.1.tgz#898508da2226f380df904728456849c1501a4b0d"
  integrity sha1-iYUI2iIm84DfkEcoRWhJwVAaSw0=

atomic-batcher@^1.0.2:
  version "1.0.2"
  resolved "https://registry.yarnpkg.com/atomic-batcher/-/atomic-batcher-1.0.2.tgz#d16901d10ccec59516c197b9ccd8930689b813b4"
  integrity sha1-0WkB0QzOxZUWwZe5zNiTBom4E7Q=

automerge@0.9.2:
  version "0.9.2"
  resolved "https://registry.yarnpkg.com/automerge/-/automerge-0.9.2.tgz#adf82e6423c1fffc69caa0409badd9828c6c46ef"
  integrity sha512-tgwGwsyDdQmKEfnXAXsY/roUgxVtgqg06jOQn3VWPrmT2L25TW1sJ6aG/CKDNOrRvoOviE9izbixsk/5vCiyjA==
  dependencies:
    immutable "^3.8.2"
    transit-immutable-js "^0.7.0"
    transit-js "^0.8.861"
    uuid "3.1.0"

base-x@^3.0.2:
  version "3.0.5"
  resolved "https://registry.yarnpkg.com/base-x/-/base-x-3.0.5.tgz#d3ada59afed05b921ab581ec3112e6444ba0795a"
  integrity sha512-C3picSgzPSLE+jW3tcBzJoGwitOtazb5B+5YmAxZm2ybmTi9LNgAtDO/jjVEBZwHoXmDBZ9m/IELj3elJVRBcA==
  dependencies:
    safe-buffer "^5.0.1"

bencode@^1.0.0:
  version "1.0.0"
  resolved "https://registry.yarnpkg.com/bencode/-/bencode-1.0.0.tgz#0b83aea885b3547b579ada0c6a5e7739fe4d073e"
  integrity sha512-N+VOSP5MkoX+xgnp6Y056iCY5TmCZg9rgPNPQe0bIiXchxYFP4vs/Tf0dTdQ+qQhP7HM2gvfFq+sUVjQsGy5Zw==
  dependencies:
    safe-buffer "^5.1.1"

bencode@^2.0.0:
  version "2.0.0"
  resolved "https://registry.yarnpkg.com/bencode/-/bencode-2.0.0.tgz#e72e6b3691d824bd03ea7aa9d752cd1d49a50027"
  integrity sha512-wr2HwwrUpfB5c68zmAudOltC7rZ1G0+lQOcnuEcfIM3AWAVnB3rHI3nlgd/2CWTfQ3w3zagKt89zni/M+VLZ8g==
  dependencies:
    safe-buffer "^5.1.1"

bitfield-rle@^2.2.1:
  version "2.2.1"
  resolved "https://registry.yarnpkg.com/bitfield-rle/-/bitfield-rle-2.2.1.tgz#07c910f7e650c005c46d18ee5ca6e62c4baf8310"
  integrity sha512-wrDhHe7LUkqaytxgbsFXoemzHRv6e8FrVNWWsQCgUfmuVYW6ke44hoGc9VdpjgfIsJ/ejmCFA8wDtDqACNAvyw==
  dependencies:
    buffer-alloc-unsafe "^1.1.0"
    varint "^4.0.0"

bittorrent-dht@^7.10.0:
  version "7.10.0"
  resolved "https://registry.yarnpkg.com/bittorrent-dht/-/bittorrent-dht-7.10.0.tgz#c5d47ddb21b0003a4ce22b11202a505b350ac0ff"
  integrity sha512-fvb6M58Ceiv/S94nu6zeaiMoJvUYOeIqRbgaClm+kJTzCAqJPtAR/31pXNYB5iEReOoKqQB5zY33gY0W6ZRWQQ==
  dependencies:
    bencode "^1.0.0"
    buffer-equals "^1.0.3"
    debug "^3.1.0"
    inherits "^2.0.1"
    k-bucket "^3.3.0"
    k-rpc "^4.2.1"
    lru "^3.1.0"
    randombytes "^2.0.5"
    safe-buffer "^5.0.1"
    simple-sha1 "^2.1.0"

blake2b-wasm@^1.1.0:
  version "1.1.7"
  resolved "https://registry.yarnpkg.com/blake2b-wasm/-/blake2b-wasm-1.1.7.tgz#e4d075da10068e5d4c3ec1fb9accc4d186c55d81"
  integrity sha512-oFIHvXhlz/DUgF0kq5B1CqxIDjIJwh9iDeUUGQUcvgiGz7Wdw03McEO7CfLBy7QKGdsydcMCgO9jFNBAFCtFcA==
  dependencies:
    nanoassert "^1.0.0"

blake2b@^2.1.1:
  version "2.1.3"
  resolved "https://registry.yarnpkg.com/blake2b/-/blake2b-2.1.3.tgz#f5388be424768e7c6327025dad0c3c6d83351bca"
  integrity sha512-pkDss4xFVbMb4270aCyGD3qLv92314Et+FsKzilCLxDz5DuZ2/1g3w4nmBbu6nKApPspnjG7JcwTjGZnduB1yg==
  dependencies:
    blake2b-wasm "^1.1.0"
    nanoassert "^1.0.0"

bs58@^4.0.1:
  version "4.0.1"
  resolved "https://registry.yarnpkg.com/bs58/-/bs58-4.0.1.tgz#be161e76c354f6f788ae4071f63f34e8c4f0a42a"
  integrity sha1-vhYedsNU9veIrkBx9j806MTwpCo=
  dependencies:
    base-x "^3.0.2"

buffer-alloc-unsafe@^1.0.0, buffer-alloc-unsafe@^1.1.0:
  version "1.1.0"
  resolved "https://registry.yarnpkg.com/buffer-alloc-unsafe/-/buffer-alloc-unsafe-1.1.0.tgz#bd7dc26ae2972d0eda253be061dba992349c19f0"
  integrity sha512-TEM2iMIEQdJ2yjPJoSIsldnleVaAk1oW3DBVUykyOLsEsFmEc9kn+SFFPz+gl54KQNxlDnAwCXosOS9Okx2xAg==

buffer-alloc@^1.1.0, buffer-alloc@^1.2.0:
  version "1.2.0"
  resolved "https://registry.yarnpkg.com/buffer-alloc/-/buffer-alloc-1.2.0.tgz#890dd90d923a873e08e10e5fd51a57e5b7cce0ec"
  integrity sha512-CFsHQgjtW1UChdXgbyJGtnm+O/uLQeZdtbDo8mfUgYXCHSM1wgrVxXm6bSyrUuErEb+4sYVGCzASBRot7zyrow==
  dependencies:
    buffer-alloc-unsafe "^1.1.0"
    buffer-fill "^1.0.0"

buffer-equals@^1.0.3, buffer-equals@^1.0.4:
  version "1.0.4"
  resolved "https://registry.yarnpkg.com/buffer-equals/-/buffer-equals-1.0.4.tgz#0353b54fd07fd9564170671ae6f66b9cf10d27f5"
  integrity sha1-A1O1T9B/2VZBcGca5vZrnPENJ/U=

buffer-fill@^1.0.0:
  version "1.0.0"
  resolved "https://registry.yarnpkg.com/buffer-fill/-/buffer-fill-1.0.0.tgz#f8f78b76789888ef39f205cd637f68e702122b2c"
  integrity sha1-+PeLdniYiO858gXNY39o5wISKyw=

buffer-from@^1.0.0, buffer-from@^1.1.0:
  version "1.1.1"
  resolved "https://registry.yarnpkg.com/buffer-from/-/buffer-from-1.1.1.tgz#32713bc028f75c02fdb710d7c7bcec1f2c6070ef"
  integrity sha512-MQcXEUbCKtEo7bhqEs6560Hyd4XaovZlO/k9V3hjVUF/zwW7KBVdSK4gIt/bzwS9MbR5qob+F5jusZsb0YQK2A==

bulk-write-stream@^1.1.3:
  version "1.1.4"
  resolved "https://registry.yarnpkg.com/bulk-write-stream/-/bulk-write-stream-1.1.4.tgz#04b4bdaad61f5a813d8323547383020efffa7d7e"
  integrity sha512-GtKwd/4etuk1hNeprXoESBO1RSeRYJMXKf+O0qHmWdUomLT8ysNEfX/4bZFXr3BK6eukpHiEnhY2uMtEHDM2ng==
  dependencies:
    buffer-from "^1.0.0"
    inherits "^2.0.1"
    readable-stream "^2.1.4"

circular-append-file@^1.0.1:
  version "1.0.1"
  resolved "https://registry.yarnpkg.com/circular-append-file/-/circular-append-file-1.0.1.tgz#5d218c5b04556cd1d2eeee697691dddd206c514b"
  integrity sha512-BUDFvrBTCdeVhg9E05PX4XgMegk6xWB69uGwyuATEg7PMfa9lGU1mzFSK0xWNW2O0i9CAQHN0oIdXI/kI2hPkg==
  dependencies:
    multistream "^2.1.0"

codecs@^1.2.0:
  version "1.2.1"
  resolved "https://registry.yarnpkg.com/codecs/-/codecs-1.2.1.tgz#10155c751578919883bd87e425db04af86a0188c"
  integrity sha512-SPnx+ZHXVJ0qTInRXmnxuyu8PDvSzvop5MXp1BOr/urFQI3yL2n5ewE755skTklF/hKVlWj8cinGxdR2gvLvTA==

connections@^1.4.2:
  version "1.4.2"
  resolved "https://registry.yarnpkg.com/connections/-/connections-1.4.2.tgz#7890482bf5c71af6c5ca192be3136aed74428aad"
  integrity sha1-eJBIK/XHGvbFyhkr4xNq7XRCiq0=

core-util-is@~1.0.0:
  version "1.0.2"
  resolved "https://registry.yarnpkg.com/core-util-is/-/core-util-is-1.0.2.tgz#b5fd54220aa2bc5ab57aab7140c940754503c1a7"
  integrity sha1-tf1UIgqivFq1eqtxQMlAdUUDwac=

count-trailing-zeros@^1.0.1:
  version "1.0.1"
  resolved "https://registry.yarnpkg.com/count-trailing-zeros/-/count-trailing-zeros-1.0.1.tgz#aba6c5833be410d45b1eca3e6d583844ce682c77"
  integrity sha1-q6bFgzvkENRbHso+bVg4RM5oLHc=

dat-swarm-defaults@^1.0.2:
  version "1.0.2"
  resolved "https://registry.yarnpkg.com/dat-swarm-defaults/-/dat-swarm-defaults-1.0.2.tgz#aa208f7d7d8450697ab2b07960c1b59c73e402b9"
  integrity sha512-gz9RuhUxq3coYBrelzuFXCNyC579aO3Bm1Wlwa12/9tJr1NP0AAGxpHJYA1HZvt8X7ZdrtMzpFyNvs2Y9PFG6w==

debug@^2.6.9:
  version "2.6.9"
  resolved "https://registry.yarnpkg.com/debug/-/debug-2.6.9.tgz#5d128515df134ff327e90a4c93f4e077a536341f"
  integrity sha512-bC7ElrdJaJnPbAP+1EotYvqZsb3ecl5wi6Bfi6BJTUcNowp6cvspg0jXznRTKDjm/E7AdgFBVeAPVMNcKGsHMA==
  dependencies:
    ms "2.0.0"

debug@^3.1.0:
  version "3.2.6"
  resolved "https://registry.yarnpkg.com/debug/-/debug-3.2.6.tgz#e83d17de16d8a7efb7717edbe5fb10135eee629b"
  integrity sha512-mel+jf7nrtEl5Pn1Qx46zARXKDpBbvzezse7p7LqINmdoIk8PYP5SySaxEmYv6TZ0JyEKA1hsCId6DIhgITtWQ==
  dependencies:
    ms "^2.1.1"

debug@^4.1.0, debug@^4.1.1:
  version "4.1.1"
  resolved "https://registry.yarnpkg.com/debug/-/debug-4.1.1.tgz#3b72260255109c6b589cee050f1d516139664791"
  integrity sha512-pYAIzeRo8J6KPEaJ0VWOh5Pzkbw/RetuzehGM7QRRX5he4fPHx2rdKMB256ehJCkX+XRQm16eZLqLNS8RSZXZw==
  dependencies:
    ms "^2.1.1"

diff@^3.1.0:
  version "3.5.0"
  resolved "https://registry.yarnpkg.com/diff/-/diff-3.5.0.tgz#800c0dd1e0a8bfbc95835c202ad220fe317e5a12"
  integrity sha512-A46qtFgd+g7pDZinpnwiRJtxbC1hpgf0uzP3iG89scHk0AUC7A1TGxf5OiiOUv/JMZR8GOt8hL900hV0bOy5xA==

discovery-channel@^5.5.1:
  version "5.5.1"
  resolved "https://registry.yarnpkg.com/discovery-channel/-/discovery-channel-5.5.1.tgz#9af6fc7f8cecdff40dbe4f13a49463718d4cd676"
  integrity sha512-EEmZQFE0PiOsJj7G3KVCwFGbYs4QchUvzA91iHtZ6HfkIqfBEDSTGLygJrUlY1Tr77WDV+qZVrZuNghHxSL/vw==
  dependencies:
    bittorrent-dht "^7.10.0"
    buffer-from "^1.0.0"
    debug "^2.6.9"
    dns-discovery "^6.0.1"
    pretty-hash "^1.0.1"
    thunky "^0.1.0"

discovery-swarm@^5.1.3:
  version "5.1.4"
  resolved "https://registry.yarnpkg.com/discovery-swarm/-/discovery-swarm-5.1.4.tgz#6a2731410dc327d40608e467a4e9b00c6cebd40b"
  integrity sha512-vkg0bv+FUwSuPxBWzdNPQVNmXQlIbvz1Ygi+A1XefNUhEzfmM+RNndjtjlDgxD/ZUhFir9PX7Hw9iIDVujsOoA==
  dependencies:
    connections "^1.4.2"
    debug "^4.1.1"
    discovery-channel "^5.5.1"
    length-prefixed-message "^3.0.3"
    pump "^3.0.0"
    to-buffer "^1.0.1"
  optionalDependencies:
    utp-native "^1.7.2"

dns-discovery@^6.0.1:
  version "6.2.3"
  resolved "https://registry.yarnpkg.com/dns-discovery/-/dns-discovery-6.2.3.tgz#47d8bc0f639ed1f3c09897a133a96bc4106fda15"
  integrity sha512-ZULG1R5J9QHZfaXo5XFGVG22LIcnZorbEa7f83FYgCGDaQrVfyVmty3Z89OvBLpCPetwW+LzjCcT60ekhbQ+9g==
  dependencies:
    circular-append-file "^1.0.1"
    debug "^2.6.9"
    dns-socket "^3.0.0"
    lru "^2.0.0"
    minimist "^1.2.0"
    multicast-dns "^7.1.1"
    network-address "^1.1.2"
    pump "^3.0.0"
    speedometer "^1.0.0"
    unordered-set "^1.1.0"

dns-packet@^4.0.0, dns-packet@^4.1.0:
  version "4.2.0"
  resolved "https://registry.yarnpkg.com/dns-packet/-/dns-packet-4.2.0.tgz#3fd6f5ff5a4ec3194ed0b15312693ffe8776b343"
  integrity sha512-bn1AKpfkFbm0MIioOMHZ5qJzl2uypdBwI4nYNsqvhjsegBhcKJUlCrMPWLx6JEezRjxZmxhtIz/FkBEur2l8Cw==
  dependencies:
    ip "^1.1.5"
    safe-buffer "^5.1.1"

dns-socket@^3.0.0:
  version "3.0.0"
  resolved "https://registry.yarnpkg.com/dns-socket/-/dns-socket-3.0.0.tgz#3418a3c6309656ebdb3eb0a941811a4fb0b828c5"
  integrity sha512-M0WkByoJ/mTm+HtwBQLsRJPe5uGIC/lYVOp+s6ZzhbZ5iq4GxjFyxYPQhB85dgCLvVb43aJQXHDC9aUgyKGc/Q==
  dependencies:
    dns-packet "^4.1.0"

end-of-stream@^1.1.0:
  version "1.4.1"
  resolved "https://registry.yarnpkg.com/end-of-stream/-/end-of-stream-1.4.1.tgz#ed29634d19baba463b6ce6b80a37213eab71ec43"
  integrity sha512-1MkrZNvWTKCaigbn+W15elq2BB/L22nqrSY5DKlo3X6+vclJm8Bb5djXJBmEX6fS3+zCh/F4VBK5Z2KxJt4s2Q==
  dependencies:
    once "^1.4.0"

fast-bitfield@^1.2.2:
  version "1.2.2"
  resolved "https://registry.yarnpkg.com/fast-bitfield/-/fast-bitfield-1.2.2.tgz#7f08cdb46a6384b887a64127b56aa4d59bc8fa25"
  integrity sha512-t8HYqkuE3YEqNcyWlAfh55479aTxO+GpYwvQvJppYqyBfSmRdNIhzY2m09FKN/MENTzq4wH6heHOIvsPyMAwvQ==
  dependencies:
    count-trailing-zeros "^1.0.1"

flat-tree@^1.3.0, flat-tree@^1.6.0:
  version "1.6.0"
  resolved "https://registry.yarnpkg.com/flat-tree/-/flat-tree-1.6.0.tgz#fca30cddb9006fb656eb5ebc79aeb274e7fde9ed"
  integrity sha1-/KMM3bkAb7ZW6168ea6ydOf96e0=

from2@^2.3.0:
  version "2.3.0"
  resolved "https://registry.yarnpkg.com/from2/-/from2-2.3.0.tgz#8bfb5502bde4a4d36cfdeea007fcca21d7e382af"
  integrity sha1-i/tVAr3kpNNs/e6gB/zKIdfjgq8=
  dependencies:
    inherits "^2.0.1"
    readable-stream "^2.0.0"

hypercore-crypto@^1.0.0:
  version "1.0.0"
  resolved "https://registry.yarnpkg.com/hypercore-crypto/-/hypercore-crypto-1.0.0.tgz#90dfd2c77364483d24af204b9a99136cb6320de6"
  integrity sha512-xFwOnNlOt8L+SovC7dTNchKaNYJb5l8rKZZwpWQnCme1r7CU4Hlhp1RDqPES6b0OpS7DkTo9iU0GltQGkpsjMw==
  dependencies:
    buffer-alloc-unsafe "^1.1.0"
    buffer-from "^1.1.0"
    sodium-universal "^2.0.0"
    uint64be "^2.0.2"

hypercore-protocol@^6.4.1, hypercore-protocol@^6.7.1:
  version "6.9.0"
  resolved "https://registry.yarnpkg.com/hypercore-protocol/-/hypercore-protocol-6.9.0.tgz#8ebf2b0abf191da634919a7ea7599cba96ab292f"
  integrity sha512-80kUQN6aZhdip4vHRhLyYrJ8Uhj34Xw1RdAtMwQNChoOlnVAvOzVh+ffIs6NiqBF4ExU25ToOvPTaYv+pYZBbg==
  dependencies:
    buffer-alloc-unsafe "^1.0.0"
    buffer-from "^1.0.0"
    inherits "^2.0.3"
    protocol-buffers-encodings "^1.1.0"
    readable-stream "^2.2.6"
    sodium-universal "^2.0.0"
    sorted-indexof "^1.0.0"
    varint "^5.0.0"

hypercore@^6.20.2:
  version "6.24.0"
  resolved "https://registry.yarnpkg.com/hypercore/-/hypercore-6.24.0.tgz#4f6581ceb89e76714d92b36c32f3a5bad1c9d0f9"
  integrity sha512-mjZl7+UvGKcRAIR33yWxEutahjxE2sG6INJAIQww1btNEOQCmQY0XoA2+zYnYgxRQK2z3MRjRfuHyTZrD4UQOA==
  dependencies:
    array-lru "^1.1.0"
    atomic-batcher "^1.0.2"
    bitfield-rle "^2.2.1"
    buffer-alloc "^1.2.0"
    buffer-alloc-unsafe "^1.0.0"
    buffer-from "^1.0.0"
    bulk-write-stream "^1.1.3"
    codecs "^1.2.0"
    fast-bitfield "^1.2.2"
    flat-tree "^1.6.0"
    from2 "^2.3.0"
    hypercore-crypto "^1.0.0"
    hypercore-protocol "^6.4.1"
    inherits "^2.0.3"
    inspect-custom-symbol "^1.1.0"
    last-one-wins "^1.0.4"
    memory-pager "^1.0.2"
    merkle-tree-stream "^3.0.3"
    pretty-hash "^1.0.1"
    process-nextick-args "^1.0.7"
    random-access-file "^2.0.1"
    sodium-universal "^2.0.0"
    sparse-bitfield "^3.0.0"
    thunky "^1.0.1"
    uint64be "^2.0.1"
    unordered-array-remove "^1.0.2"
    unordered-set "^2.0.0"

"hypermerge@github:automerge/hypermerge#fork":
  version "1.0.30"
  resolved "https://codeload.github.com/automerge/hypermerge/tar.gz/b0399445ad754a8fb81c7dd3f931f0624365604c"
  dependencies:
    automerge "0.9.2"
    bs58 "^4.0.1"
    debug "^4.1.0"
    hypercore "^6.20.2"
    hypercore-protocol "^6.7.1"
    js-sha1 "^0.6.0"

immutable@^3.8.2:
  version "3.8.2"
  resolved "https://registry.yarnpkg.com/immutable/-/immutable-3.8.2.tgz#c2439951455bb39913daf281376f1530e104adf3"
  integrity sha1-wkOZUUVbs5kT2vKBN28VMOEErfM=

inherits@^2.0.1, inherits@^2.0.3, inherits@~2.0.3:
  version "2.0.3"
  resolved "https://registry.yarnpkg.com/inherits/-/inherits-2.0.3.tgz#633c2c83e3da42a502f52466022480f4208261de"
  integrity sha1-Yzwsg+PaQqUC9SRmAiSA9CCCYd4=

ini@^1.3.5:
  version "1.3.5"
  resolved "https://registry.yarnpkg.com/ini/-/ini-1.3.5.tgz#eee25f56db1c9ec6085e0c22778083f596abf927"
  integrity sha512-RZY5huIKCMRWDUqZlEi72f/lmXKMvuszcMBduliQ3nnWbx9X/ZBQO7DijMEYS9EhHBb2qacRUMtC7svLwe0lcw==

inspect-custom-symbol@^1.1.0:
  version "1.1.0"
  resolved "https://registry.yarnpkg.com/inspect-custom-symbol/-/inspect-custom-symbol-1.1.0.tgz#21d7d5cc9b183e6bacfb89566ae3496b57f5bf1a"
  integrity sha512-vtI2YXBRZBkU6DlfHfd0GtZENfiEiTacAXUd0ZY6HA+X7aPznpFfPmzSC+tHKXAkz9KDSdI4AYfwAMXR5t+isg==

ip@^1.1.5:
  version "1.1.5"
  resolved "https://registry.yarnpkg.com/ip/-/ip-1.1.5.tgz#bdded70114290828c0a039e72ef25f5aaec4354a"
  integrity sha1-vd7XARQpCCjAoDnnLvJfWq7ENUo=

isarray@~1.0.0:
  version "1.0.0"
  resolved "https://registry.yarnpkg.com/isarray/-/isarray-1.0.0.tgz#bb935d48582cba168c06834957a54a3e07124f11"
  integrity sha1-u5NdSFgsuhaMBoNJV6VKPgcSTxE=

js-sha1@^0.6.0:
  version "0.6.0"
  resolved "https://registry.yarnpkg.com/js-sha1/-/js-sha1-0.6.0.tgz#adbee10f0e8e18aa07cdea807cf08e9183dbc7f9"
  integrity sha512-01gwBFreYydzmU9BmZxpVk6svJJHrVxEN3IOiGl6VO93bVKYETJ0sIth6DASI6mIFdt7NmfX9UiByRzsYHGU9w==

k-bucket@^3.3.0:
  version "3.3.1"
  resolved "https://registry.yarnpkg.com/k-bucket/-/k-bucket-3.3.1.tgz#de219f00b310ca17fdd7e2790a077d78b70d92c8"
  integrity sha512-kgwWqYT79rAahn4maIVTP8dIe+m1KulufWW+f1bB9DlZrRFiGpZ4iJOg2HUp4xJYBWONP3+rOPIWF/RXABU6mw==
  dependencies:
    buffer-equals "^1.0.3"
    inherits "^2.0.1"
    randombytes "^2.0.3"

k-bucket@^4.0.0:
  version "4.0.1"
  resolved "https://registry.yarnpkg.com/k-bucket/-/k-bucket-4.0.1.tgz#3fc2e5693f0b7bff90d7b6b476edd6087955d542"
  integrity sha512-YvDpmY3waI999h1zZoW1rJ04fZrgZ+5PAlVmvwDHT6YO/Q1AOhdel07xsKy9eAvJjQ9xZV1wz3rXKqEfaWvlcQ==
  dependencies:
    inherits "^2.0.1"
    randombytes "^2.0.3"

k-rpc-socket@^1.7.2:
  version "1.8.0"
  resolved "https://registry.yarnpkg.com/k-rpc-socket/-/k-rpc-socket-1.8.0.tgz#9a4dd6a4f3795ed847ffa156579cc389990bd1f2"
  integrity sha512-f/9TynsO8YYjZ6JjNNtSSH7CJcIHcio1buy3zqByGxb/GX8AWLdL6FZEWTrN8V3/J7W4/E0ZTQQ+Jt2rVq7ELg==
  dependencies:
    bencode "^2.0.0"
    buffer-equals "^1.0.4"
    safe-buffer "^5.1.1"

k-rpc@^4.2.1:
  version "4.3.1"
  resolved "https://registry.yarnpkg.com/k-rpc/-/k-rpc-4.3.1.tgz#e2b86376c773d5919b4d3c02b9aae435fee7b318"
  integrity sha512-mgAJZeFYbpP0xzJzmS0TQTYoFI0sjy3GnKFhg8wyboL+KvWg2WLaA2Oy9PthLPx2Rxz4WeBMk4y3MSOrDJ95FA==
  dependencies:
    buffer-equals "^1.0.3"
    k-bucket "^4.0.0"
    k-rpc-socket "^1.7.2"
    randombytes "^2.0.5"
    safe-buffer "^5.1.1"

last-one-wins@^1.0.4:
  version "1.0.4"
  resolved "https://registry.yarnpkg.com/last-one-wins/-/last-one-wins-1.0.4.tgz#c1bfd0cbcb46790ec9156b8d1aee8fcb86cda22a"
  integrity sha1-wb/Qy8tGeQ7JFWuNGu6Py4bNoio=

length-prefixed-message@^3.0.3:
  version "3.0.3"
  resolved "https://registry.yarnpkg.com/length-prefixed-message/-/length-prefixed-message-3.0.3.tgz#245474d69abc0614dca368dc35aa8074982a23ac"
  integrity sha1-JFR01pq8BhTco2jcNaqAdJgqI6w=
  dependencies:
    varint "^3.0.1"

lru@^2.0.0:
  version "2.0.1"
  resolved "https://registry.yarnpkg.com/lru/-/lru-2.0.1.tgz#f979871e162e3f5ca254be46844c53d4c5364544"
  integrity sha1-+XmHHhYuP1yiVL5GhExT1MU2RUQ=
  dependencies:
    inherits "^2.0.1"

lru@^3.1.0:
  version "3.1.0"
  resolved "https://registry.yarnpkg.com/lru/-/lru-3.1.0.tgz#ea7fb8546d83733396a13091d76cfeb4c06837d5"
  integrity sha1-6n+4VG2DczOWoTCR12z+tMBoN9U=
  dependencies:
    inherits "^2.0.1"

make-error@^1.1.1:
  version "1.3.5"
  resolved "https://registry.yarnpkg.com/make-error/-/make-error-1.3.5.tgz#efe4e81f6db28cadd605c70f29c831b58ef776c8"
  integrity sha512-c3sIjNUow0+8swNwVpqoH4YCShKNFkMaw6oH1mNS2haDZQqkeZFlHS3dhoeEbKKmJB4vXpJucU6oH75aDYeE9g==

memory-pager@^1.0.2:
  version "1.5.0"
  resolved "https://registry.yarnpkg.com/memory-pager/-/memory-pager-1.5.0.tgz#d8751655d22d384682741c972f2c3d6dfa3e66b5"
  integrity sha512-ZS4Bp4r/Zoeq6+NLJpP+0Zzm0pR8whtGPf1XExKLJBAczGMnSi3It14OiNCStjQjM6NU1okjQGSxgEZN8eBYKg==

merkle-tree-stream@^3.0.3:
  version "3.0.3"
  resolved "https://registry.yarnpkg.com/merkle-tree-stream/-/merkle-tree-stream-3.0.3.tgz#f8a064760d37e7978ad5f9f6d3c119a494f57081"
  integrity sha1-+KBkdg0355eK1fn208EZpJT1cIE=
  dependencies:
    flat-tree "^1.3.0"
    readable-stream "^2.0.5"

minimist@0.0.8:
  version "0.0.8"
  resolved "https://registry.yarnpkg.com/minimist/-/minimist-0.0.8.tgz#857fcabfc3397d2625b8228262e86aa7a011b05d"
  integrity sha1-hX/Kv8M5fSYluCKCYuhqp6ARsF0=

minimist@^1.2.0:
  version "1.2.0"
  resolved "https://registry.yarnpkg.com/minimist/-/minimist-1.2.0.tgz#a35008b20f41383eec1fb914f4cd5df79a264284"
  integrity sha1-o1AIsg9BOD7sH7kU9M1d95omQoQ=

mkdirp@^0.5.1:
  version "0.5.1"
  resolved "https://registry.yarnpkg.com/mkdirp/-/mkdirp-0.5.1.tgz#30057438eac6cf7f8c4767f38648d6697d75c903"
  integrity sha1-MAV0OOrGz3+MR2fzhkjWaX11yQM=
  dependencies:
    minimist "0.0.8"

ms@2.0.0:
  version "2.0.0"
  resolved "https://registry.yarnpkg.com/ms/-/ms-2.0.0.tgz#5608aeadfc00be6c2901df5f9861788de0d597c8"
  integrity sha1-VgiurfwAvmwpAd9fmGF4jeDVl8g=

ms@^2.1.1:
  version "2.1.1"
  resolved "https://registry.yarnpkg.com/ms/-/ms-2.1.1.tgz#30a5864eb3ebb0a66f2ebe6d727af06a09d86e0a"
  integrity sha512-tgp+dl5cGk28utYktBsrFqA7HKgrhgPsg6Z/EfhWI4gl1Hwq8B/GmY/0oXZ6nF8hDVesS/FpnYaD/kOWhYQvyg==

multicast-dns@^7.1.1:
  version "7.2.0"
  resolved "https://registry.yarnpkg.com/multicast-dns/-/multicast-dns-7.2.0.tgz#7aa49a7efba931a346011aa02e7d1c314a65ac77"
  integrity sha512-Tu2QORGOFANB124NWQ/JTRhMf/ODouVLEuvu5Dz8YWEU55zQgRgFGnBHfIh5PbfNDAuaRl7yLB+pgWhSqVxi2Q==
  dependencies:
    dns-packet "^4.0.0"
    thunky "^1.0.2"

multistream@^2.1.0:
  version "2.1.1"
  resolved "https://registry.yarnpkg.com/multistream/-/multistream-2.1.1.tgz#629d3a29bd76623489980d04519a2c365948148c"
  integrity sha512-xasv76hl6nr1dEy3lPvy7Ej7K/Lx3O/FCvwge8PeVJpciPPoNCbaANcNiBug3IpdvTveZUcAV0DJzdnUDMesNQ==
  dependencies:
    inherits "^2.0.1"
    readable-stream "^2.0.5"

nan@^2.4.0, nan@^2.5.1:
  version "2.12.1"
  resolved "https://registry.yarnpkg.com/nan/-/nan-2.12.1.tgz#7b1aa193e9aa86057e3c7bbd0ac448e770925552"
  integrity sha512-JY7V6lRkStKcKTvHO5NVSQRv+RV+FIL5pvDoLiAtSL9pKlC5x9PKQcZDsq7m4FO4d57mkhC6Z+QhAh3Jdk5JFw==

nanoassert@^1.0.0:
  version "1.1.0"
  resolved "https://registry.yarnpkg.com/nanoassert/-/nanoassert-1.1.0.tgz#4f3152e09540fde28c76f44b19bbcd1d5a42478d"
  integrity sha1-TzFS4JVA/eKMdvRLGbvNHVpCR40=

network-address@^1.1.2:
  version "1.1.2"
  resolved "https://registry.yarnpkg.com/network-address/-/network-address-1.1.2.tgz#4aa7bfd43f03f0b81c9702b13d6a858ddb326f3e"
  integrity sha1-Sqe/1D8D8LgclwKxPWqFjdsybz4=

node-gyp-build@^3.0.0:
  version "3.8.0"
  resolved "https://registry.yarnpkg.com/node-gyp-build/-/node-gyp-build-3.8.0.tgz#0f57efeb1971f404dfcbfab975c284de7c70f14a"
  integrity sha512-bYbpIHyRqZ7sVWXxGpz8QIRug5JZc/hzZH4GbdT9HTZi6WmKCZ8GLvP8OZ9TTiIBvwPFKgtGrlWQSXDAvYdsPw==

once@^1.3.1, once@^1.4.0:
  version "1.4.0"
  resolved "https://registry.yarnpkg.com/once/-/once-1.4.0.tgz#583b1aa775961d4b113ac17d9c50baef9dd76bd1"
  integrity sha1-WDsap3WWHUsROsF9nFC6753Xa9E=
  dependencies:
    wrappy "1"

pretty-hash@^1.0.1:
  version "1.0.1"
  resolved "https://registry.yarnpkg.com/pretty-hash/-/pretty-hash-1.0.1.tgz#16e0579188def56bdb565892bcd05a5d65324807"
  integrity sha1-FuBXkYje9WvbVliSvNBaXWUySAc=

process-nextick-args@^1.0.7:
  version "1.0.7"
  resolved "https://registry.yarnpkg.com/process-nextick-args/-/process-nextick-args-1.0.7.tgz#150e20b756590ad3f91093f25a4f2ad8bff30ba3"
  integrity sha1-FQ4gt1ZZCtP5EJPyWk8q2L/zC6M=

process-nextick-args@~2.0.0:
  version "2.0.0"
  resolved "https://registry.yarnpkg.com/process-nextick-args/-/process-nextick-args-2.0.0.tgz#a37d732f4271b4ab1ad070d35508e8290788ffaa"
  integrity sha512-MtEC1TqN0EU5nephaJ4rAtThHtC86dNN9qCuEhtshvpVBkAW5ZO7BASN9REnF9eoXGcRub+pFuKEpOHE+HbEMw==

protocol-buffers-encodings@^1.1.0:
  version "1.1.0"
  resolved "https://registry.yarnpkg.com/protocol-buffers-encodings/-/protocol-buffers-encodings-1.1.0.tgz#f3905631106669b85381bad47a336add7d206873"
  integrity sha512-SmjEuAf3hc3h3rWZ6V1YaaQw2MNJWK848gLJgzx/sefOJdNLujKinJVXIS0q2cBQpQn2Q32TinawZyDZPzm4kQ==
  dependencies:
    signed-varint "^2.0.1"
    varint "^5.0.0"

pump@^3.0.0:
  version "3.0.0"
  resolved "https://registry.yarnpkg.com/pump/-/pump-3.0.0.tgz#b4a2116815bde2f4e1ea602354e8c75565107a64"
  integrity sha512-LwZy+p3SFs1Pytd/jYct4wpv49HiYCqd9Rlc5ZVdk0V+8Yzv6jR5Blk3TRmPL1ft69TxP0IMZGJ+WPFU2BFhww==
  dependencies:
    end-of-stream "^1.1.0"
    once "^1.3.1"

random-access-file@^2.0.1:
  version "2.0.1"
  resolved "https://registry.yarnpkg.com/random-access-file/-/random-access-file-2.0.1.tgz#dc22de79270e9a84cb36a2419b759725930dcaeb"
  integrity sha512-nb4fClpzoUY+v1SHrro+9yykN90eMA1rc+xM39tnZ5R3BgFY+J/NxPZ0KuUpishEsvnwou9Fvm2wa3cjeuG7vg==
  dependencies:
    mkdirp "^0.5.1"
    random-access-storage "^1.1.1"

random-access-memory@^2.4.0:
  version "2.4.0"
  resolved "https://registry.yarnpkg.com/random-access-memory/-/random-access-memory-2.4.0.tgz#72f3d865b4b55a259879473e2fb2de3569c69ee2"
  integrity sha1-cvPYZbS1WiWYeUc+L7LeNWnGnuI=
  dependencies:
    process-nextick-args "^1.0.7"

random-access-storage@^1.1.1:
  version "1.3.0"
  resolved "https://registry.yarnpkg.com/random-access-storage/-/random-access-storage-1.3.0.tgz#d27e4d897b79dc4358afc2bbe553044e5c8cfe35"
  integrity sha512-pdS9Mcb9TB7oICypPRALlheaSuszuAKmLVEPKJMuYor7R/zDuHh5ALuQoS+ox31XRwQUL+tDwWH2GPdyspwelA==
  dependencies:
    inherits "^2.0.3"

randombytes@^2.0.3, randombytes@^2.0.5:
  version "2.0.6"
  resolved "https://registry.yarnpkg.com/randombytes/-/randombytes-2.0.6.tgz#d302c522948588848a8d300c932b44c24231da80"
  integrity sha512-CIQ5OFxf4Jou6uOKe9t1AOgqpeU5fd70A8NPdHSGeYXqXsPe6peOwI0cUl88RWZ6sP1vPMV3avd/R6cZ5/sP1A==
  dependencies:
    safe-buffer "^5.1.0"

readable-stream@^2.0.0, readable-stream@^2.0.5, readable-stream@^2.1.4, readable-stream@^2.2.2, readable-stream@^2.2.6:
  version "2.3.6"
  resolved "https://registry.yarnpkg.com/readable-stream/-/readable-stream-2.3.6.tgz#b11c27d88b8ff1fbe070643cf94b0c79ae1b0aaf"
  integrity sha512-tQtKA9WIAhBF3+VLAseyMqZeBjW0AHJoxOtYqSUZNJxauErmLbVm2FW1y+J/YA9dUrAC39ITejlZWhVIwawkKw==
  dependencies:
    core-util-is "~1.0.0"
    inherits "~2.0.3"
    isarray "~1.0.0"
    process-nextick-args "~2.0.0"
    safe-buffer "~5.1.1"
    string_decoder "~1.1.1"
    util-deprecate "~1.0.1"

rusha@^0.8.1:
  version "0.8.13"
  resolved "https://registry.yarnpkg.com/rusha/-/rusha-0.8.13.tgz#9a084e7b860b17bff3015b92c67a6a336191513a"
  integrity sha1-mghOe4YLF7/zAVuSxnpqM2GRUTo=

safe-buffer@^5.0.1, safe-buffer@^5.1.0, safe-buffer@^5.1.1, safe-buffer@~5.1.0, safe-buffer@~5.1.1:
  version "5.1.2"
  resolved "https://registry.yarnpkg.com/safe-buffer/-/safe-buffer-5.1.2.tgz#991ec69d296e0313747d59bdfd2b745c35f8828d"
  integrity sha512-Gd2UZBJDkXlY7GbJxfsE8/nvKkUEU1G38c1siN6QP6a9PT9MmHB8GnpscSmMJSoF8LOIrt8ud/wPtojys4G6+g==

signed-varint@^2.0.1:
  version "2.0.1"
  resolved "https://registry.yarnpkg.com/signed-varint/-/signed-varint-2.0.1.tgz#50a9989da7c98c2c61dad119bc97470ef8528129"
  integrity sha1-UKmYnafJjCxh2tEZvJdHDvhSgSk=
  dependencies:
    varint "~5.0.0"

simple-sha1@^2.1.0:
  version "2.1.1"
  resolved "https://registry.yarnpkg.com/simple-sha1/-/simple-sha1-2.1.1.tgz#93f3b7f2e8dfdc056c32793e5d47b58d311b140d"
  integrity sha512-pFMPd+I/lQkpf4wFUeS/sED5IqdIG1lUlrQviBMV4u4mz8BRAcB5fvUx5Ckfg3kBigEglAjHg7E9k/yy2KlCqA==
  dependencies:
    rusha "^0.8.1"

siphash24@^1.0.1:
  version "1.1.1"
  resolved "https://registry.yarnpkg.com/siphash24/-/siphash24-1.1.1.tgz#94ad021a2b2c62de381b546ee02df0cf778acd50"
  integrity sha512-dKKwjIoTOa587TARYLlBRXq2lkbu5Iz35XrEVWpelhBP1m8r2BGOy1QlaZe84GTFHG/BTucEUd2btnNc8QzIVA==
  dependencies:
    nanoassert "^1.0.0"

sodium-javascript@~0.5.0:
  version "0.5.5"
  resolved "https://registry.yarnpkg.com/sodium-javascript/-/sodium-javascript-0.5.5.tgz#40b7b530390931f45164173582dca51d4e37e84d"
  integrity sha512-UMmCHovws/sxIBZsIRhIl8uRPou/RFDD0vVop81T1hG106NLLgqajKKuHAOtAP6hflnZ0UrVA2VFwddTd/NQyA==
  dependencies:
    blake2b "^2.1.1"
    nanoassert "^1.0.0"
    siphash24 "^1.0.1"
    xsalsa20 "^1.0.0"

sodium-native@^2.0.0:
  version "2.2.4"
  resolved "https://registry.yarnpkg.com/sodium-native/-/sodium-native-2.2.4.tgz#ef341da82e1e2311bb527a2c73dfbcc819fc18bc"
  integrity sha512-zE3lJAEN9R/XzJmNUqfyqL3vAnES9rFuyeq5ouHmCOdkVcY5UKbCcl7eUyZ+LG4RcqVfx8CAcgwv9HRpgoNrlg==
  dependencies:
    ini "^1.3.5"
    nan "^2.4.0"
    node-gyp-build "^3.0.0"

sodium-universal@^2.0.0:
  version "2.0.0"
  resolved "https://registry.yarnpkg.com/sodium-universal/-/sodium-universal-2.0.0.tgz#cfb4e1a9c4afece4382b2c23c53439b443bd2af3"
  integrity sha512-csdVyakzHJRyCevY4aZC2Eacda8paf+4nmRGF2N7KxCLKY2Ajn72JsExaQlJQ2BiXJncp44p3T+b80cU+2TTsg==
  dependencies:
    sodium-javascript "~0.5.0"
  optionalDependencies:
    sodium-native "^2.0.0"

sorted-indexof@^1.0.0:
  version "1.0.0"
  resolved "https://registry.yarnpkg.com/sorted-indexof/-/sorted-indexof-1.0.0.tgz#17c742ff7cf187e2f59a15df9b81f17a62ce0899"
  integrity sha1-F8dC/3zxh+L1mhXfm4HxemLOCJk=

source-map-support@^0.5.6:
  version "0.5.10"
  resolved "https://registry.yarnpkg.com/source-map-support/-/source-map-support-0.5.10.tgz#2214080bc9d51832511ee2bab96e3c2f9353120c"
  integrity sha512-YfQ3tQFTK/yzlGJuX8pTwa4tifQj4QS2Mj7UegOu8jAz59MqIiMGPXxQhVQiIMNzayuUSF/jEuVnfFF5JqybmQ==
  dependencies:
    buffer-from "^1.0.0"
    source-map "^0.6.0"

source-map@^0.6.0:
  version "0.6.1"
  resolved "https://registry.yarnpkg.com/source-map/-/source-map-0.6.1.tgz#74722af32e9614e9c287a8d0bbde48b5e2f1a263"
  integrity sha512-UjgapumWlbMhkBgzT7Ykc5YXUT46F0iKu8SGXq0bcwP5dz/h0Plj6enJqjz1Zbq2l5WaqYnrVbwWOWMyF3F47g==

sparse-bitfield@^3.0.0:
  version "3.0.3"
  resolved "https://registry.yarnpkg.com/sparse-bitfield/-/sparse-bitfield-3.0.3.tgz#ff4ae6e68656056ba4b3e792ab3334d38273ca11"
  integrity sha1-/0rm5oZWBWuks+eSqzM004JzyhE=
  dependencies:
    memory-pager "^1.0.2"

speedometer@^1.0.0:
  version "1.1.0"
  resolved "https://registry.yarnpkg.com/speedometer/-/speedometer-1.1.0.tgz#a30b13abda45687a1a76977012c060f2ac8a7934"
  integrity sha512-z/wAiTESw2XVPssY2XRcme4niTc4S5FkkJ4gknudtVoc33Zil8TdTxHy5torRcgqMqksJV2Yz8HQcvtbsnw0mQ==

string_decoder@~1.1.1:
  version "1.1.1"
  resolved "https://registry.yarnpkg.com/string_decoder/-/string_decoder-1.1.1.tgz#9cf1611ba62685d7030ae9e4ba34149c3af03fc8"
  integrity sha512-n/ShnvDi6FHbbVfviro+WojiFzv+s8MPMHBczVePfUpDJLwoLT0ht1l4YwBCbi8pJAveEEdnkHyPyTP/mzRfwg==
  dependencies:
    safe-buffer "~5.1.0"

thunky@^0.1.0:
  version "0.1.0"
  resolved "https://registry.yarnpkg.com/thunky/-/thunky-0.1.0.tgz#bf30146824e2b6e67b0f2d7a4ac8beb26908684e"
  integrity sha1-vzAUaCTituZ7Dy16Ssi+smkIaE4=

thunky@^1.0.1, thunky@^1.0.2:
  version "1.0.3"
  resolved "https://registry.yarnpkg.com/thunky/-/thunky-1.0.3.tgz#f5df732453407b09191dae73e2a8cc73f381a826"
  integrity sha512-YwT8pjmNcAXBZqrubu22P4FYsh2D4dxRmnWBOL8Jk8bUcRUtc5326kx32tuTmFDAZtLOGEVNl8POAR8j896Iow==

to-buffer@^1.0.1:
  version "1.1.1"
  resolved "https://registry.yarnpkg.com/to-buffer/-/to-buffer-1.1.1.tgz#493bd48f62d7c43fcded313a03dcadb2e1213a80"
  integrity sha512-lx9B5iv7msuFYE3dytT+KE5tap+rNYw+K4jVkb9R/asAb+pbBSM17jtunHplhBe6RRJdZx3Pn2Jph24O32mOVg==

transit-immutable-js@^0.7.0:
  version "0.7.0"
  resolved "https://registry.yarnpkg.com/transit-immutable-js/-/transit-immutable-js-0.7.0.tgz#993e25089b6311ff402140f556276d6d253005d9"
  integrity sha1-mT4lCJtjEf9AIUD1VidtbSUwBdk=

transit-js@^0.8.861:
  version "0.8.861"
  resolved "https://registry.yarnpkg.com/transit-js/-/transit-js-0.8.861.tgz#829e516b80349a41fff5d59f5e6993b5473f72c9"
  integrity sha512-4O9OrYPZw6C0M5gMTvaeOp+xYz6EF79JsyxIvqXHlt+pisSrioJWFOE80N8aCPoJLcNaXF442RZrVtdmd4wkDQ==

ts-node@^7.0.1:
  version "7.0.1"
  resolved "https://registry.yarnpkg.com/ts-node/-/ts-node-7.0.1.tgz#9562dc2d1e6d248d24bc55f773e3f614337d9baf"
  integrity sha512-BVwVbPJRspzNh2yfslyT1PSbl5uIk03EZlb493RKHN4qej/D06n1cEhjlOJG69oFsE7OT8XjpTUcYf6pKTLMhw==
  dependencies:
    arrify "^1.0.0"
    buffer-from "^1.1.0"
    diff "^3.1.0"
    make-error "^1.1.1"
    minimist "^1.2.0"
    mkdirp "^0.5.1"
    source-map-support "^0.5.6"
    yn "^2.0.0"

uint64be@^2.0.1, uint64be@^2.0.2:
  version "2.0.2"
  resolved "https://registry.yarnpkg.com/uint64be/-/uint64be-2.0.2.tgz#ef4a179752fe8f9ddaa29544ecfc13490031e8e5"
  integrity sha512-9QqdvpGQTXgxthP+lY4e/gIBy+RuqcBaC6JVwT5I3bDLgT/btL6twZMR0pI3/Fgah9G/pdwzIprE5gL6v9UvyQ==
  dependencies:
    buffer-alloc "^1.1.0"

unordered-array-remove@^1.0.2:
  version "1.0.2"
  resolved "https://registry.yarnpkg.com/unordered-array-remove/-/unordered-array-remove-1.0.2.tgz#c546e8f88e317a0cf2644c97ecb57dba66d250ef"
  integrity sha1-xUbo+I4xegzyZEyX7LV9umbSUO8=

unordered-set@^1.1.0:
  version "1.1.0"
  resolved "https://registry.yarnpkg.com/unordered-set/-/unordered-set-1.1.0.tgz#2ba7ef316edd0b9590cc547c74f76a2f164fecca"
  integrity sha1-K6fvMW7dC5WQzFR8dPdqLxZP7Mo=

unordered-set@^2.0.0:
  version "2.0.1"
  resolved "https://registry.yarnpkg.com/unordered-set/-/unordered-set-2.0.1.tgz#4cd0fe27b8814bcf5d6073e5f0966ec7a50841e6"
  integrity sha512-eUmNTPzdx+q/WvOHW0bgGYLWvWHNT3PTKEQLg0MAQhc0AHASHVHoP/9YytYd4RBVariqno/mEUhVZN98CmD7bg==

util-deprecate@~1.0.1:
  version "1.0.2"
  resolved "https://registry.yarnpkg.com/util-deprecate/-/util-deprecate-1.0.2.tgz#450d4dc9fa70de732762fbd2d4a28981419a0ccf"
  integrity sha1-RQ1Nyfpw3nMnYvvS1KKJgUGaDM8=

utp-native@^1.7.2:
  version "1.7.3"
  resolved "https://registry.yarnpkg.com/utp-native/-/utp-native-1.7.3.tgz#c829724995bfcd9dfb3027389e5c0bf8ddaa0bf2"
  integrity sha512-vRAKaS8WcYNgzbxyH2LdheqgL4sQLis8LXl7r/mN+O4mpWlUpoCsTtietxepLrft2q0TFA2gaIvSWN1iRkzW/w==
  dependencies:
    nan "^2.5.1"
    node-gyp-build "^3.0.0"
    readable-stream "^2.2.2"

uuid@3.1.0:
  version "3.1.0"
  resolved "https://registry.yarnpkg.com/uuid/-/uuid-3.1.0.tgz#3dd3d3e790abc24d7b0d3a034ffababe28ebbc04"
  integrity sha512-DIWtzUkw04M4k3bf1IcpS2tngXEL26YUD2M0tMDUpnUrz2hgzUBlD55a4FjdLGPvfHxS6uluGWvaVEqgBcVa+g==

varint@^3.0.1:
  version "3.0.1"
  resolved "https://registry.yarnpkg.com/varint/-/varint-3.0.1.tgz#9d3f53e036c0ab12000a74bc2d24cbf093a581d9"
  integrity sha1-nT9T4DbAqxIACnS8LSTL8JOlgdk=

varint@^4.0.0:
  version "4.0.1"
  resolved "https://registry.yarnpkg.com/varint/-/varint-4.0.1.tgz#490829b942d248463b2b35097995c3bf737198e9"
  integrity sha1-SQgpuULSSEY7KzUJeZXDv3NxmOk=

varint@^5.0.0, varint@~5.0.0:
  version "5.0.0"
  resolved "https://registry.yarnpkg.com/varint/-/varint-5.0.0.tgz#d826b89f7490732fabc0c0ed693ed475dcb29ebf"
  integrity sha1-2Ca4n3SQcy+rwMDtaT7Uddyynr8=

wrappy@1:
  version "1.0.2"
  resolved "https://registry.yarnpkg.com/wrappy/-/wrappy-1.0.2.tgz#b5243d8f3ec1aa35f1364605bc0d1036e30ab69f"
  integrity sha1-tSQ9jz7BqjXxNkYFvA0QNuMKtp8=

xsalsa20@^1.0.0:
  version "1.0.2"
  resolved "https://registry.yarnpkg.com/xsalsa20/-/xsalsa20-1.0.2.tgz#46cc53439d543d88782e42dfada5c5a69ab6314d"
  integrity sha512-g1DFmZ5JJ9Qzvt4dMw6m9IydqoCSP381ucU5zm46Owbk3bwmqAr8eEJirOPc7PrXRn45drzOpAyDp8jsnoyXyw==

yn@^2.0.0:
  version "2.0.0"
  resolved "https://registry.yarnpkg.com/yn/-/yn-2.0.0.tgz#e5adabc8acf408f6385fc76495684c88e6af689a"
  integrity sha1-5a2ryKz0CPY4X8dklWhMiOavaJo=
