# THIS IS AN AUTOGENERATED FILE. DO NOT EDIT THIS FILE DIRECTLY.
# yarn lockfile v1


ansi-diff@^1.0.10:
  version "1.0.10"
  resolved "https://registry.yarnpkg.com/ansi-diff/-/ansi-diff-1.0.10.tgz#cdb1143bcf779fe8649138f01a7ce66b349e0d4f"
  dependencies:
    ansi-split "^1.0.1"

ansi-regex@^3.0.0:
  version "3.0.0"
  resolved "https://registry.yarnpkg.com/ansi-regex/-/ansi-regex-3.0.0.tgz#ed0317c322064f79466c02966bddb605ab37d998"

ansi-split@^1.0.1:
  version "1.0.1"
  resolved "https://registry.yarnpkg.com/ansi-split/-/ansi-split-1.0.1.tgz#3cab03754ab6f1d64d4ad13cd10f22fc36db4a45"
  dependencies:
    ansi-regex "^3.0.0"

array-lru@^1.1.0:
  version "1.1.1"
  resolved "https://registry.yarnpkg.com/array-lru/-/array-lru-1.1.1.tgz#0c7e1b4e022ae166ff1e8448c595f3181fcd3337"

atomic-batcher@^1.0.2:
  version "1.0.2"
  resolved "https://registry.yarnpkg.com/atomic-batcher/-/atomic-batcher-1.0.2.tgz#d16901d10ccec59516c197b9ccd8930689b813b4"

automerge@^0.7.0:
  version "0.7.0"
  resolved "https://registry.yarnpkg.com/automerge/-/automerge-0.7.0.tgz#2d348102543a25bc95829f56dd70845d165134f7"
  dependencies:
    immutable "^3.8.1"
    transit-immutable-js "^0.7.0"
    transit-js "^0.8.846"
    uuid "^3.1.0"

bencode@^1.0.0:
  version "1.0.0"
  resolved "https://registry.yarnpkg.com/bencode/-/bencode-1.0.0.tgz#0b83aea885b3547b579ada0c6a5e7739fe4d073e"
  dependencies:
    safe-buffer "^5.1.1"

bitfield-rle@^2.0.0:
  version "2.1.0"
  resolved "https://registry.yarnpkg.com/bitfield-rle/-/bitfield-rle-2.1.0.tgz#ae29e9382a7ba4898de9f48bb23fd338c4fbdcf8"
  dependencies:
    varint "^4.0.0"

bittorrent-dht@^7.2.1:
  version "7.10.0"
  resolved "https://registry.yarnpkg.com/bittorrent-dht/-/bittorrent-dht-7.10.0.tgz#c5d47ddb21b0003a4ce22b11202a505b350ac0ff"
  dependencies:
    bencode "^1.0.0"
    buffer-equals "^1.0.3"
    debug "^3.1.0"
    inherits "^2.0.1"
    k-bucket "^3.3.0"
    k-rpc "^4.2.1"
    lru "^3.1.0"
    randombytes "^2.0.5"
    safe-buffer "^5.0.1"
    simple-sha1 "^2.1.0"

blake2b-wasm@^1.1.0:
  version "1.1.7"
  resolved "https://registry.yarnpkg.com/blake2b-wasm/-/blake2b-wasm-1.1.7.tgz#e4d075da10068e5d4c3ec1fb9accc4d186c55d81"
  dependencies:
    nanoassert "^1.0.0"

blake2b@^2.1.1:
  version "2.1.2"
  resolved "https://registry.yarnpkg.com/blake2b/-/blake2b-2.1.2.tgz#6880eddca35cfede92c4fb2724221334f989145a"
  dependencies:
    blake2b-wasm "^1.1.0"
    nanoassert "^1.0.0"

buffer-alloc-unsafe@^1.0.0:
  version "1.0.0"
  resolved "https://registry.yarnpkg.com/buffer-alloc-unsafe/-/buffer-alloc-unsafe-1.0.0.tgz#474aa88f34e7bc75fa311d2e6457409c5846c3fe"

buffer-equals@^1.0.3, buffer-equals@^1.0.4:
  version "1.0.4"
  resolved "https://registry.yarnpkg.com/buffer-equals/-/buffer-equals-1.0.4.tgz#0353b54fd07fd9564170671ae6f66b9cf10d27f5"

buffer-indexof@^1.0.0:
  version "1.1.1"
  resolved "https://registry.yarnpkg.com/buffer-indexof/-/buffer-indexof-1.1.1.tgz#52fabcc6a606d1a00302802648ef68f639da268c"

bulk-write-stream@^1.1.3:
  version "1.1.3"
  resolved "https://registry.yarnpkg.com/bulk-write-stream/-/bulk-write-stream-1.1.3.tgz#d29ca385fbd53f357aee5bd3d3028732b62ae275"
  dependencies:
    inherits "^2.0.1"
    readable-stream "^2.1.4"

codecs@^1.2.0:
  version "1.2.0"
  resolved "https://registry.yarnpkg.com/codecs/-/codecs-1.2.0.tgz#5148549e3d156c5fa053d7cbb419715a0cf43d16"

connections@^1.4.2:
  version "1.4.2"
  resolved "https://registry.yarnpkg.com/connections/-/connections-1.4.2.tgz#7890482bf5c71af6c5ca192be3136aed74428aad"

core-util-is@~1.0.0:
  version "1.0.2"
  resolved "https://registry.yarnpkg.com/core-util-is/-/core-util-is-1.0.2.tgz#b5fd54220aa2bc5ab57aab7140c940754503c1a7"

datland-swarm-defaults@^1.0.2:
  version "1.0.2"
  resolved "https://registry.yarnpkg.com/datland-swarm-defaults/-/datland-swarm-defaults-1.0.2.tgz#277b895a39f1aa7f96a495a02fb3662a5ed9f2e0"
  dependencies:
    xtend "^4.0.1"

debug@^2.3.2, debug@^2.4.5, debug@^2.5.2, debug@^2.6.8:
  version "2.6.9"
  resolved "https://registry.yarnpkg.com/debug/-/debug-2.6.9.tgz#5d128515df134ff327e90a4c93f4e077a536341f"
  dependencies:
    ms "2.0.0"

debug@^3.1.0:
  version "3.1.0"
  resolved "https://registry.yarnpkg.com/debug/-/debug-3.1.0.tgz#5bb5a0672628b64149566ba16819e61518c67261"
  dependencies:
    ms "2.0.0"

diffy@^1.3.1:
  version "1.3.1"
  resolved "https://registry.yarnpkg.com/diffy/-/diffy-1.3.1.tgz#c1a1d8de785699a34e48bc488b5caa13b54ff9ba"
  dependencies:
    ansi-diff "^1.0.10"
    neat-input "^1.5.0"

discovery-channel@^5.3.0:
  version "5.4.7"
  resolved "https://registry.yarnpkg.com/discovery-channel/-/discovery-channel-5.4.7.tgz#8139652dcd5935423f7aaa68d8dc6030ae354d91"
  dependencies:
    bittorrent-dht "^7.2.1"
    debug "^2.3.2"
    dns-discovery "^5.3.4"
    pretty-hash "^1.0.0"
    thunky "^0.1.0"

discovery-swarm@^4.3.7:
  version "4.4.2"
  resolved "https://registry.yarnpkg.com/discovery-swarm/-/discovery-swarm-4.4.2.tgz#5d3160a46019e50e874195765df7d601ee55a813"
  dependencies:
    buffer-equals "^1.0.3"
    connections "^1.4.2"
    debug "^2.4.5"
    discovery-channel "^5.3.0"
    length-prefixed-message "^3.0.3"
    pump "^1.0.1"
    to-buffer "^1.0.1"
  optionalDependencies:
    utp-native "^1.2.2"

dns-discovery@^5.3.4:
  version "5.6.1"
  resolved "https://registry.yarnpkg.com/dns-discovery/-/dns-discovery-5.6.1.tgz#514aed6a76c6b73c821fbd1006a08723ad67c74e"
  dependencies:
    debug "^2.3.2"
    dns-socket "^1.4.2"
    dns-txt "^2.0.1"
    lru "^2.0.0"
    minimist "^1.2.0"
    multicast-dns "^6.0.0"
    network-address "^1.1.0"
    unordered-set "^1.1.0"

dns-packet@^1.1.0, dns-packet@^1.3.1:
  version "1.3.1"
  resolved "https://registry.yarnpkg.com/dns-packet/-/dns-packet-1.3.1.tgz#12aa426981075be500b910eedcd0b47dd7deda5a"
  dependencies:
    ip "^1.1.0"
    safe-buffer "^5.0.1"

dns-socket@^1.4.2:
  version "1.6.3"
  resolved "https://registry.yarnpkg.com/dns-socket/-/dns-socket-1.6.3.tgz#5268724fad4aa46ad9c5ca4ffcd16e1de5342aab"
  dependencies:
    dns-packet "^1.1.0"

dns-txt@^2.0.1:
  version "2.0.2"
  resolved "https://registry.yarnpkg.com/dns-txt/-/dns-txt-2.0.2.tgz#b91d806f5d27188e4ab3e7d107d881a1cc4642b6"
  dependencies:
    buffer-indexof "^1.0.0"

end-of-stream@^1.1.0:
  version "1.4.1"
  resolved "https://registry.yarnpkg.com/end-of-stream/-/end-of-stream-1.4.1.tgz#ed29634d19baba463b6ce6b80a37213eab71ec43"
  dependencies:
    once "^1.4.0"

flat-tree@^1.3.0, flat-tree@^1.6.0:
  version "1.6.0"
  resolved "https://registry.yarnpkg.com/flat-tree/-/flat-tree-1.6.0.tgz#fca30cddb9006fb656eb5ebc79aeb274e7fde9ed"

from2@^2.3.0:
  version "2.3.0"
  resolved "https://registry.yarnpkg.com/from2/-/from2-2.3.0.tgz#8bfb5502bde4a4d36cfdeea007fcca21d7e382af"
  dependencies:
    inherits "^2.0.1"
    readable-stream "^2.0.0"

hypercore-archiver@^4.4.1:
  version "4.4.1"
  resolved "https://registry.yarnpkg.com/hypercore-archiver/-/hypercore-archiver-4.4.1.tgz#0e85d3a68e2a9df9817fe7a7cc68fcbed28235ef"
  dependencies:
    datland-swarm-defaults "^1.0.2"
    debug "^2.6.8"
    discovery-swarm "^4.3.7"
    hypercore "^6.6.3"
    hypercore-protocol "^6.4.0"
    random-access-file "^1.8.1"
    thunky "^1.0.2"
    to-buffer "^1.1.0"
    xtend "^4.0.1"

hypercore-protocol@^6.4.0, hypercore-protocol@^6.4.1, hypercore-protocol@^6.5.1:
  version "6.5.2"
  resolved "https://registry.yarnpkg.com/hypercore-protocol/-/hypercore-protocol-6.5.2.tgz#18a6701852e02a008c7bb0bfd8888aa764d912c5"
  dependencies:
    inherits "^2.0.3"
    protocol-buffers-encodings "^1.1.0"
    readable-stream "^2.2.6"
    sodium-universal "^2.0.0"
    sorted-indexof "^1.0.0"
    varint "^5.0.0"

hypercore@^6.12.0, hypercore@^6.6.3:
  version "6.12.2"
  resolved "https://registry.yarnpkg.com/hypercore/-/hypercore-6.12.2.tgz#646d71bebbbad4e38dd00e4e4a9f6cb471b97321"
  dependencies:
    array-lru "^1.1.0"
    atomic-batcher "^1.0.2"
    bitfield-rle "^2.0.0"
    buffer-equals "^1.0.4"
    bulk-write-stream "^1.1.3"
    codecs "^1.2.0"
    flat-tree "^1.6.0"
    from2 "^2.3.0"
    hypercore-protocol "^6.4.1"
    inherits "^2.0.3"
    last-one-wins "^1.0.4"
    memory-pager "^1.0.2"
    merkle-tree-stream "^3.0.3"
    process-nextick-args "^1.0.7"
    random-access-file "^2.0.1"
    sodium-universal "^2.0.0"
    sparse-bitfield "^3.0.0"
    thunky "^1.0.1"
    uint64be "^2.0.1"
    unordered-array-remove "^1.0.2"
    unordered-set "^2.0.0"

hypermerge@^0.3.1:
  version "0.3.1"
  resolved "https://registry.yarnpkg.com/hypermerge/-/hypermerge-0.3.1.tgz#3d8ed1c2e87bad32bbe452a3a75c174139c3f843"
  dependencies:
    automerge "^0.7.0"
    hypercore "^6.12.0"
    hypercore-archiver "^4.4.1"
    hypercore-protocol "^6.5.1"
    thunky "^1.0.2"
    to-buffer "^1.1.0"

immutable@^3.8.1:
  version "3.8.2"
  resolved "https://registry.yarnpkg.com/immutable/-/immutable-3.8.2.tgz#c2439951455bb39913daf281376f1530e104adf3"

inherits@^2.0.1, inherits@^2.0.3, inherits@~2.0.3:
  version "2.0.3"
  resolved "https://registry.yarnpkg.com/inherits/-/inherits-2.0.3.tgz#633c2c83e3da42a502f52466022480f4208261de"

ini@^1.3.5:
  version "1.3.5"
  resolved "https://registry.yarnpkg.com/ini/-/ini-1.3.5.tgz#eee25f56db1c9ec6085e0c22778083f596abf927"

ip@^1.1.0:
  version "1.1.5"
  resolved "https://registry.yarnpkg.com/ip/-/ip-1.1.5.tgz#bdded70114290828c0a039e72ef25f5aaec4354a"

isarray@~1.0.0:
  version "1.0.0"
  resolved "https://registry.yarnpkg.com/isarray/-/isarray-1.0.0.tgz#bb935d48582cba168c06834957a54a3e07124f11"

k-bucket@^3.3.0:
  version "3.3.1"
  resolved "https://registry.yarnpkg.com/k-bucket/-/k-bucket-3.3.1.tgz#de219f00b310ca17fdd7e2790a077d78b70d92c8"
  dependencies:
    buffer-equals "^1.0.3"
    inherits "^2.0.1"
    randombytes "^2.0.3"

k-rpc-socket@^1.7.2:
  version "1.7.2"
  resolved "https://registry.yarnpkg.com/k-rpc-socket/-/k-rpc-socket-1.7.2.tgz#f36425d000748758e266558eba297a6d4c293193"
  dependencies:
    bencode "^1.0.0"
    buffer-equals "^1.0.4"
    safe-buffer "^5.1.1"

k-rpc@^4.2.1:
  version "4.2.1"
  resolved "https://registry.yarnpkg.com/k-rpc/-/k-rpc-4.2.1.tgz#f9d8220a1788ee3dbffa43f8506ea81808bb798a"
  dependencies:
    buffer-equals "^1.0.3"
    k-bucket "^3.3.0"
    k-rpc-socket "^1.7.2"
    randombytes "^2.0.5"
    safe-buffer "^5.1.1"

keypress@^0.2.1:
  version "0.2.1"
  resolved "https://registry.yarnpkg.com/keypress/-/keypress-0.2.1.tgz#1e80454250018dbad4c3fe94497d6e67b6269c77"

last-one-wins@^1.0.4:
  version "1.0.4"
  resolved "https://registry.yarnpkg.com/last-one-wins/-/last-one-wins-1.0.4.tgz#c1bfd0cbcb46790ec9156b8d1aee8fcb86cda22a"

length-prefixed-message@^3.0.3:
  version "3.0.3"
  resolved "https://registry.yarnpkg.com/length-prefixed-message/-/length-prefixed-message-3.0.3.tgz#245474d69abc0614dca368dc35aa8074982a23ac"
  dependencies:
    varint "^3.0.1"

lru@^2.0.0:
  version "2.0.1"
  resolved "https://registry.yarnpkg.com/lru/-/lru-2.0.1.tgz#f979871e162e3f5ca254be46844c53d4c5364544"
  dependencies:
    inherits "^2.0.1"

lru@^3.1.0:
  version "3.1.0"
  resolved "https://registry.yarnpkg.com/lru/-/lru-3.1.0.tgz#ea7fb8546d83733396a13091d76cfeb4c06837d5"
  dependencies:
    inherits "^2.0.1"

memory-pager@^1.0.2:
  version "1.1.0"
  resolved "https://registry.yarnpkg.com/memory-pager/-/memory-pager-1.1.0.tgz#9308915e0e972849fefbae6f8bc95d6b350e7344"

merkle-tree-stream@^3.0.3:
  version "3.0.3"
  resolved "https://registry.yarnpkg.com/merkle-tree-stream/-/merkle-tree-stream-3.0.3.tgz#f8a064760d37e7978ad5f9f6d3c119a494f57081"
  dependencies:
    flat-tree "^1.3.0"
    readable-stream "^2.0.5"

minimist@0.0.8:
  version "0.0.8"
  resolved "https://registry.yarnpkg.com/minimist/-/minimist-0.0.8.tgz#857fcabfc3397d2625b8228262e86aa7a011b05d"

minimist@^1.2.0:
  version "1.2.0"
  resolved "https://registry.yarnpkg.com/minimist/-/minimist-1.2.0.tgz#a35008b20f41383eec1fb914f4cd5df79a264284"

mkdirp@^0.5.1:
  version "0.5.1"
  resolved "https://registry.yarnpkg.com/mkdirp/-/mkdirp-0.5.1.tgz#30057438eac6cf7f8c4767f38648d6697d75c903"
  dependencies:
    minimist "0.0.8"

ms@2.0.0:
  version "2.0.0"
  resolved "https://registry.yarnpkg.com/ms/-/ms-2.0.0.tgz#5608aeadfc00be6c2901df5f9861788de0d597c8"

multicast-dns@^6.0.0:
  version "6.2.3"
  resolved "https://registry.yarnpkg.com/multicast-dns/-/multicast-dns-6.2.3.tgz#a0ec7bd9055c4282f790c3c82f4e28db3b31b229"
  dependencies:
    dns-packet "^1.3.1"
    thunky "^1.0.2"

nan@^2.4.0, nan@^2.5.1:
  version "2.8.0"
  resolved "https://registry.yarnpkg.com/nan/-/nan-2.8.0.tgz#ed715f3fe9de02b57a5e6252d90a96675e1f085a"

nanoassert@^1.0.0:
  version "1.1.0"
  resolved "https://registry.yarnpkg.com/nanoassert/-/nanoassert-1.1.0.tgz#4f3152e09540fde28c76f44b19bbcd1d5a42478d"

neat-input@^1.5.0:
  version "1.6.0"
  resolved "https://registry.yarnpkg.com/neat-input/-/neat-input-1.6.0.tgz#8377cc7334f738d107f1f48e69b9265feba0556d"
  dependencies:
    keypress "^0.2.1"

network-address@^1.1.0:
  version "1.1.2"
  resolved "https://registry.yarnpkg.com/network-address/-/network-address-1.1.2.tgz#4aa7bfd43f03f0b81c9702b13d6a858ddb326f3e"

node-gyp-build@^3.0.0:
  version "3.2.2"
  resolved "https://registry.yarnpkg.com/node-gyp-build/-/node-gyp-build-3.2.2.tgz#f78a9f84834b1dbd293b0719fee48635d2789c27"

once@^1.3.1, once@^1.4.0:
  version "1.4.0"
  resolved "https://registry.yarnpkg.com/once/-/once-1.4.0.tgz#583b1aa775961d4b113ac17d9c50baef9dd76bd1"
  dependencies:
    wrappy "1"

pretty-hash@^1.0.0:
  version "1.0.1"
  resolved "https://registry.yarnpkg.com/pretty-hash/-/pretty-hash-1.0.1.tgz#16e0579188def56bdb565892bcd05a5d65324807"

process-nextick-args@^1.0.7:
  version "1.0.7"
  resolved "https://registry.yarnpkg.com/process-nextick-args/-/process-nextick-args-1.0.7.tgz#150e20b756590ad3f91093f25a4f2ad8bff30ba3"

process-nextick-args@~2.0.0:
  version "2.0.0"
  resolved "https://registry.yarnpkg.com/process-nextick-args/-/process-nextick-args-2.0.0.tgz#a37d732f4271b4ab1ad070d35508e8290788ffaa"

prompt-sync@^4.1.5:
  version "4.1.5"
  resolved "https://registry.yarnpkg.com/prompt-sync/-/prompt-sync-4.1.5.tgz#709ac182388b0e9a4a45b5683ed0449ed19f3eb8"

protocol-buffers-encodings@^1.1.0:
  version "1.1.0"
  resolved "https://registry.yarnpkg.com/protocol-buffers-encodings/-/protocol-buffers-encodings-1.1.0.tgz#f3905631106669b85381bad47a336add7d206873"
  dependencies:
    signed-varint "^2.0.1"
    varint "^5.0.0"

pump@^1.0.1:
  version "1.0.3"
  resolved "https://registry.yarnpkg.com/pump/-/pump-1.0.3.tgz#5dfe8311c33bbf6fc18261f9f34702c47c08a954"
  dependencies:
    end-of-stream "^1.1.0"
    once "^1.3.1"

random-access-file@^1.8.1:
  version "1.8.1"
  resolved "https://registry.yarnpkg.com/random-access-file/-/random-access-file-1.8.1.tgz#b1a54a0f924fbd4d45731a5771aea36be2166532"
  dependencies:
    buffer-alloc-unsafe "^1.0.0"
    debug "^2.5.2"
    inherits "^2.0.1"
    mkdirp "^0.5.1"
    thunky "^1.0.1"

random-access-file@^2.0.1:
  version "2.0.1"
  resolved "https://registry.yarnpkg.com/random-access-file/-/random-access-file-2.0.1.tgz#dc22de79270e9a84cb36a2419b759725930dcaeb"
  dependencies:
    mkdirp "^0.5.1"
    random-access-storage "^1.1.1"

random-access-memory@^2.4.0:
  version "2.4.0"
  resolved "https://registry.yarnpkg.com/random-access-memory/-/random-access-memory-2.4.0.tgz#72f3d865b4b55a259879473e2fb2de3569c69ee2"
  dependencies:
    process-nextick-args "^1.0.7"

random-access-storage@^1.1.1:
  version "1.1.1"
  resolved "https://registry.yarnpkg.com/random-access-storage/-/random-access-storage-1.1.1.tgz#e3364013887367d54e2ad0a134c7bf68eb9229e5"
  dependencies:
    inherits "^2.0.3"

randombytes@^2.0.3, randombytes@^2.0.5:
  version "2.0.6"
  resolved "https://registry.yarnpkg.com/randombytes/-/randombytes-2.0.6.tgz#d302c522948588848a8d300c932b44c24231da80"
  dependencies:
    safe-buffer "^5.1.0"

readable-stream@^2.0.0, readable-stream@^2.0.5, readable-stream@^2.1.4, readable-stream@^2.2.2, readable-stream@^2.2.6:
  version "2.3.4"
  resolved "https://registry.yarnpkg.com/readable-stream/-/readable-stream-2.3.4.tgz#c946c3f47fa7d8eabc0b6150f4a12f69a4574071"
  dependencies:
    core-util-is "~1.0.0"
    inherits "~2.0.3"
    isarray "~1.0.0"
    process-nextick-args "~2.0.0"
    safe-buffer "~5.1.1"
    string_decoder "~1.0.3"
    util-deprecate "~1.0.1"

rusha@^0.8.1:
  version "0.8.12"
  resolved "https://registry.yarnpkg.com/rusha/-/rusha-0.8.12.tgz#5d838ce1fce8b145674ee771eaad5bcb2575e64b"

safe-buffer@^5.0.1, safe-buffer@^5.1.0, safe-buffer@^5.1.1, safe-buffer@~5.1.0, safe-buffer@~5.1.1:
  version "5.1.1"
  resolved "https://registry.yarnpkg.com/safe-buffer/-/safe-buffer-5.1.1.tgz#893312af69b2123def71f57889001671eeb2c853"

signed-varint@^2.0.1:
  version "2.0.1"
  resolved "https://registry.yarnpkg.com/signed-varint/-/signed-varint-2.0.1.tgz#50a9989da7c98c2c61dad119bc97470ef8528129"
  dependencies:
    varint "~5.0.0"

simple-sha1@^2.1.0:
  version "2.1.0"
  resolved "https://registry.yarnpkg.com/simple-sha1/-/simple-sha1-2.1.0.tgz#9427bb96ff1263cc10a8414cedd51a18b919e8b3"
  dependencies:
    rusha "^0.8.1"

siphash24@^1.0.1:
  version "1.1.0"
  resolved "https://registry.yarnpkg.com/siphash24/-/siphash24-1.1.0.tgz#24d3c812d164f1b34689ddcd333b6920f1efb256"
  dependencies:
    nanoassert "^1.0.0"

sodium-javascript@~0.5.0:
  version "0.5.4"
  resolved "https://registry.yarnpkg.com/sodium-javascript/-/sodium-javascript-0.5.4.tgz#6cf4cb95fe7d9303b80397e6ef83c6847183acce"
  dependencies:
    blake2b "^2.1.1"
    nanoassert "^1.0.0"
    siphash24 "^1.0.1"
    xsalsa20 "^1.0.0"

sodium-native@^2.0.0:
  version "2.1.4"
  resolved "https://registry.yarnpkg.com/sodium-native/-/sodium-native-2.1.4.tgz#f31e20992695ce4295a4324e08f64ee203baf0c6"
  dependencies:
    ini "^1.3.5"
    nan "^2.4.0"
    node-gyp-build "^3.0.0"

sodium-universal@^2.0.0:
  version "2.0.0"
  resolved "https://registry.yarnpkg.com/sodium-universal/-/sodium-universal-2.0.0.tgz#cfb4e1a9c4afece4382b2c23c53439b443bd2af3"
  dependencies:
    sodium-javascript "~0.5.0"
  optionalDependencies:
    sodium-native "^2.0.0"

sorted-indexof@^1.0.0:
  version "1.0.0"
  resolved "https://registry.yarnpkg.com/sorted-indexof/-/sorted-indexof-1.0.0.tgz#17c742ff7cf187e2f59a15df9b81f17a62ce0899"

sparse-bitfield@^3.0.0:
  version "3.0.3"
  resolved "https://registry.yarnpkg.com/sparse-bitfield/-/sparse-bitfield-3.0.3.tgz#ff4ae6e68656056ba4b3e792ab3334d38273ca11"
  dependencies:
    memory-pager "^1.0.2"

string_decoder@~1.0.3:
  version "1.0.3"
  resolved "https://registry.yarnpkg.com/string_decoder/-/string_decoder-1.0.3.tgz#0fc67d7c141825de94282dd536bec6b9bce860ab"
  dependencies:
    safe-buffer "~5.1.0"

strip-ansi@^4.0.0:
  version "4.0.0"
  resolved "https://registry.yarnpkg.com/strip-ansi/-/strip-ansi-4.0.0.tgz#a8479022eb1ac368a871389b635262c505ee368f"
  dependencies:
    ansi-regex "^3.0.0"

thunky@^0.1.0:
  version "0.1.0"
  resolved "https://registry.yarnpkg.com/thunky/-/thunky-0.1.0.tgz#bf30146824e2b6e67b0f2d7a4ac8beb26908684e"

thunky@^1.0.1, thunky@^1.0.2:
  version "1.0.2"
  resolved "https://registry.yarnpkg.com/thunky/-/thunky-1.0.2.tgz#a862e018e3fb1ea2ec3fce5d55605cf57f247371"

to-buffer@^1.0.1, to-buffer@^1.1.0:
  version "1.1.0"
  resolved "https://registry.yarnpkg.com/to-buffer/-/to-buffer-1.1.0.tgz#375bc03edae5c35a8fa0b3fe95a1f3985db1dcfa"

transit-immutable-js@^0.7.0:
  version "0.7.0"
  resolved "https://registry.yarnpkg.com/transit-immutable-js/-/transit-immutable-js-0.7.0.tgz#993e25089b6311ff402140f556276d6d253005d9"

transit-js@^0.8.846:
  version "0.8.846"
  resolved "https://registry.yarnpkg.com/transit-js/-/transit-js-0.8.846.tgz#76e06e8f0e6be27675e3442112f5c9bb75343464"

uint64be@^2.0.1:
  version "2.0.1"
  resolved "https://registry.yarnpkg.com/uint64be/-/uint64be-2.0.1.tgz#a310d94e4e5e0b02a95d678e33323f802bdc8428"

unordered-array-remove@^1.0.2:
  version "1.0.2"
  resolved "https://registry.yarnpkg.com/unordered-array-remove/-/unordered-array-remove-1.0.2.tgz#c546e8f88e317a0cf2644c97ecb57dba66d250ef"

unordered-set@^1.1.0:
  version "1.1.0"
  resolved "https://registry.yarnpkg.com/unordered-set/-/unordered-set-1.1.0.tgz#2ba7ef316edd0b9590cc547c74f76a2f164fecca"

unordered-set@^2.0.0:
  version "2.0.0"
  resolved "https://registry.yarnpkg.com/unordered-set/-/unordered-set-2.0.0.tgz#985a27e975baa20b8263aea7a791e9300941a9ec"

util-deprecate@~1.0.1:
  version "1.0.2"
  resolved "https://registry.yarnpkg.com/util-deprecate/-/util-deprecate-1.0.2.tgz#450d4dc9fa70de732762fbd2d4a28981419a0ccf"

utp-native@^1.2.2:
  version "1.6.2"
  resolved "https://registry.yarnpkg.com/utp-native/-/utp-native-1.6.2.tgz#ab3c58fd6bd5522ef2d85aabd3924166942b634d"
  dependencies:
    nan "^2.5.1"
    node-gyp-build "^3.0.0"
    readable-stream "^2.2.2"

uuid@^3.1.0:
  version "3.2.1"
  resolved "https://registry.yarnpkg.com/uuid/-/uuid-3.2.1.tgz#12c528bb9d58d0b9265d9a2f6f0fe8be17ff1f14"

varint@^3.0.1:
  version "3.0.1"
  resolved "https://registry.yarnpkg.com/varint/-/varint-3.0.1.tgz#9d3f53e036c0ab12000a74bc2d24cbf093a581d9"

varint@^4.0.0:
  version "4.0.1"
  resolved "https://registry.yarnpkg.com/varint/-/varint-4.0.1.tgz#490829b942d248463b2b35097995c3bf737198e9"

varint@^5.0.0, varint@~5.0.0:
  version "5.0.0"
  resolved "https://registry.yarnpkg.com/varint/-/varint-5.0.0.tgz#d826b89f7490732fabc0c0ed693ed475dcb29ebf"

wrappy@1:
  version "1.0.2"
  resolved "https://registry.yarnpkg.com/wrappy/-/wrappy-1.0.2.tgz#b5243d8f3ec1aa35f1364605bc0d1036e30ab69f"

xsalsa20@^1.0.0:
  version "1.0.2"
  resolved "https://registry.yarnpkg.com/xsalsa20/-/xsalsa20-1.0.2.tgz#46cc53439d543d88782e42dfada5c5a69ab6314d"

xtend@^4.0.1:
  version "4.0.1"
  resolved "https://registry.yarnpkg.com/xtend/-/xtend-4.0.1.tgz#a5c6d532be656e23db820efb943a1f04998d63af"
