# THIS IS AN AUTOGENERATED FILE. DO NOT EDIT THIS FILE DIRECTLY.
# yarn lockfile v1


ansi-diff@^1.0.10:
  version "1.0.10"
  resolved "https://registry.yarnpkg.com/ansi-diff/-/ansi-diff-1.0.10.tgz#cdb1143bcf779fe8649138f01a7ce66b349e0d4f"
  dependencies:
    ansi-split "^1.0.1"

ansi-regex@^3.0.0:
  version "3.0.0"
  resolved "https://registry.yarnpkg.com/ansi-regex/-/ansi-regex-3.0.0.tgz#ed0317c322064f79466c02966bddb605ab37d998"

ansi-split@^1.0.1:
  version "1.0.1"
  resolved "https://registry.yarnpkg.com/ansi-split/-/ansi-split-1.0.1.tgz#3cab03754ab6f1d64d4ad13cd10f22fc36db4a45"
  dependencies:
    ansi-regex "^3.0.0"

base-x@^3.0.2:
  version "3.0.4"
  resolved "https://registry.yarnpkg.com/base-x/-/base-x-3.0.4.tgz#94c1788736da065edb1d68808869e357c977fa77"
  dependencies:
    safe-buffer "^5.0.1"

bs58@^4.0.0:
  version "4.0.1"
  resolved "https://registry.yarnpkg.com/bs58/-/bs58-4.0.1.tgz#be161e76c354f6f788ae4071f63f34e8c4f0a42a"
  dependencies:
    base-x "^3.0.2"

bs58check@^2.1.1:
  version "2.1.1"
  resolved "https://registry.yarnpkg.com/bs58check/-/bs58check-2.1.1.tgz#8a5d0e587af97b784bf9cbf1b29f454d82bc0222"
  dependencies:
    bs58 "^4.0.0"
    create-hash "^1.1.0"

cipher-base@^1.0.1:
  version "1.0.4"
  resolved "https://registry.yarnpkg.com/cipher-base/-/cipher-base-1.0.4.tgz#8760e4ecc272f4c363532f926d874aae2c1397de"
  dependencies:
    inherits "^2.0.1"
    safe-buffer "^5.0.1"

create-hash@^1.1.0:
  version "1.1.3"
  resolved "https://registry.yarnpkg.com/create-hash/-/create-hash-1.1.3.tgz#606042ac8b9262750f483caddab0f5819172d8fd"
  dependencies:
    cipher-base "^1.0.1"
    inherits "^2.0.1"
    ripemd160 "^2.0.0"
    sha.js "^2.4.0"

diffy@^1.3.1:
  version "1.3.1"
  resolved "https://registry.yarnpkg.com/diffy/-/diffy-1.3.1.tgz#c1a1d8de785699a34e48bc488b5caa13b54ff9ba"
  dependencies:
    ansi-diff "^1.0.10"
    neat-input "^1.5.0"

hash-base@^2.0.0:
  version "2.0.2"
  resolved "https://registry.yarnpkg.com/hash-base/-/hash-base-2.0.2.tgz#66ea1d856db4e8a5470cadf6fce23ae5244ef2e1"
  dependencies:
    inherits "^2.0.1"

inherits@^2.0.1:
  version "2.0.3"
  resolved "https://registry.yarnpkg.com/inherits/-/inherits-2.0.3.tgz#633c2c83e3da42a502f52466022480f4208261de"

keypress@^0.2.1:
  version "0.2.1"
  resolved "https://registry.yarnpkg.com/keypress/-/keypress-0.2.1.tgz#1e80454250018dbad4c3fe94497d6e67b6269c77"

minimist@^1.2.0:
  version "1.2.0"
  resolved "https://registry.yarnpkg.com/minimist/-/minimist-1.2.0.tgz#a35008b20f41383eec1fb914f4cd5df79a264284"

neat-input@^1.5.0:
  version "1.6.0"
  resolved "https://registry.yarnpkg.com/neat-input/-/neat-input-1.6.0.tgz#8377cc7334f738d107f1f48e69b9265feba0556d"
  dependencies:
    keypress "^0.2.1"

ripemd160@^2.0.0:
  version "2.0.1"
  resolved "https://registry.yarnpkg.com/ripemd160/-/ripemd160-2.0.1.tgz#0f4584295c53a3628af7e6d79aca21ce57d1c6e7"
  dependencies:
    hash-base "^2.0.0"
    inherits "^2.0.1"

safe-buffer@^5.0.1:
  version "5.1.1"
  resolved "https://registry.yarnpkg.com/safe-buffer/-/safe-buffer-5.1.1.tgz#893312af69b2123def71f57889001671eeb2c853"

sha.js@^2.4.0:
  version "2.4.10"
  resolved "https://registry.yarnpkg.com/sha.js/-/sha.js-2.4.10.tgz#b1fde5cd7d11a5626638a07c604ab909cfa31f9b"
  dependencies:
    inherits "^2.0.1"
    safe-buffer "^5.0.1"

strip-ansi@^4.0.0:
  version "4.0.0"
  resolved "https://registry.yarnpkg.com/strip-ansi/-/strip-ansi-4.0.0.tgz#a8479022eb1ac368a871389b635262c505ee368f"
  dependencies:
    ansi-regex "^3.0.0"
